{
  "object": {
    "pins": [
      {
        "package": "AtlasCore",
        "repositoryURL": "https://github.com/powderhouse/AtlasCore.git",
        "state": {
          "branch": null,
          "revision": "0771aac69fc28a6d1d38587d5e8594fdf2959234",
          "version": "0.7.4"
        }
      },
      {
        "package": "Nimble",
        "repositoryURL": "https://github.com/Quick/Nimble.git",
        "state": {
          "branch": null,
          "revision": "21f4fed2052cea480f5f1d2044d45aa25fdfb988",
          "version": "7.1.1"
        }
      },
      {
        "package": "Quick",
        "repositoryURL": "https://github.com/Quick/Quick.git",
        "state": {
          "branch": null,
          "revision": "0ff81f2c665b4381f526bd656f8708dd52a9ea2f",
          "version": "1.2.0"
        }
      },
      {
        "package": "SwiftCLI",
        "repositoryURL": "https://github.com/jakeheis/SwiftCLI",
        "state": {
          "branch": null,
          "revision": "afd7cd100aa18e1ad878279f506fbff71b59ed91",
          "version": "4.0.3"
        }
      }
    ]
  },
  "version": 1
}
