{
  "object": {
    "pins": [
      {
        "package": "AtlasCore",
        "repositoryURL": "https://github.com/powderhouse/AtlasCore.git",
        "state": {
          "branch": null,
          "revision": "be2e07114e2d913728dfdea51c383f805d482a49",
          "version": "1.0.1"
        }
      },
      {
        "package": "Nimble",
        "repositoryURL": "https://github.com/Quick/Nimble.git",
        "state": {
          "branch": null,
          "revision": "8023e3980d91b470ad073d6da843b73f2eeb1844",
          "version": "7.1.2"
        }
      },
      {
        "package": "Quick",
        "repositoryURL": "https://github.com/Quick/Quick.git",
        "state": {
          "branch": null,
          "revision": "3e3023569c8d4c4a0d000f58db765df53041117f",
          "version": "1.3.0"
        }
      },
      {
        "package": "SwiftCLI",
        "repositoryURL": "https://github.com/jakeheis/SwiftCLI",
        "state": {
          "branch": null,
          "revision": "afd7cd100aa18e1ad878279f506fbff71b59ed91",
          "version": "4.0.3"
        }
      }
    ]
  },
  "version": 1
}
