{
  "object": {
    "pins": [
      {
        "package": "AtlasCore",
        "repositoryURL": "https://github.com/powderhouse/AtlasCore.git",
        "state": {
          "branch": null,
          "revision": "0472aa4d382758c6fd4bbdac723fb54f5399687b",
          "version": "0.4.5"
        }
      },
      {
        "package": "Nimble",
        "repositoryURL": "https://github.com/Quick/Nimble.git",
        "state": {
          "branch": null,
          "revision": "22800b0954c89344bb8c87f8ab93378076716fb7",
          "version": "7.0.3"
        }
      },
      {
        "package": "Quick",
        "repositoryURL": "https://github.com/Quick/Quick.git",
        "state": {
          "branch": null,
          "revision": "0ff81f2c665b4381f526bd656f8708dd52a9ea2f",
          "version": "1.2.0"
        }
      },
      {
        "package": "SwiftCLI",
        "repositoryURL": "https://github.com/jakeheis/SwiftCLI",
        "state": {
          "branch": null,
          "revision": "ce663ba76a1b431ee80b95d7bd04d74e428ece56",
          "version": "4.0.4"
        }
      }
    ]
  },
  "version": 1
}
