// !$*UTF8*$!
{
	archiveVersion = 1;
	classes = {
	};
	objectVersion = 48;
	objects = {

/* Begin PBXBuildFile section */
		2BCB0DC11FBC15320044C117 /* AppDelegate.swift in Sources */ = {isa = PBXBuildFile; fileRef = 2BCB0DC01FBC15320044C117 /* AppDelegate.swift */; };
		2BCB0DC31FBC15320044C117 /* AccountController.swift in Sources */ = {isa = PBXBuildFile; fileRef = 2BCB0DC21FBC15320044C117 /* AccountController.swift */; };
		2BCB0DC51FBC15320044C117 /* Assets.xcassets in Resources */ = {isa = PBXBuildFile; fileRef = 2BCB0DC41FBC15320044C117 /* Assets.xcassets */; };
		2BCB0DC81FBC15320044C117 /* Main.storyboard in Resources */ = {isa = PBXBuildFile; fileRef = 2BCB0DC61FBC15320044C117 /* Main.storyboard */; };
		2BCB0DD41FBC15320044C117 /* AtlasTests.swift in Sources */ = {isa = PBXBuildFile; fileRef = 2BCB0DD31FBC15320044C117 /* AtlasTests.swift */; };
		2BCB0DDF1FBC15320044C117 /* AtlasUITests.swift in Sources */ = {isa = PBXBuildFile; fileRef = 2BCB0DDE1FBC15320044C117 /* AtlasUITests.swift */; };
		3AB1C0E71FBCE43A00ECE6EB /* MainController.swift in Sources */ = {isa = PBXBuildFile; fileRef = 3AB1C0E61FBCE43A00ECE6EB /* MainController.swift */; };
		3AC03DA51FBE05C6007077AE /* FileSystemTests.swift in Sources */ = {isa = PBXBuildFile; fileRef = 3AC03DA41FBE05C6007077AE /* FileSystemTests.swift */; };
		3AC03DA71FBFC9E5007077AE /* NewProjectController.swift in Sources */ = {isa = PBXBuildFile; fileRef = 3AC03DA61FBFC9E5007077AE /* NewProjectController.swift */; };
		3AC03DAB1FC1C868007077AE /* GlueTests.swift in Sources */ = {isa = PBXBuildFile; fileRef = 3AC03DAA1FC1C868007077AE /* GlueTests.swift */; };
		3AE4AE221FC277B200430BC2 /* AtlasProcess.swift in Sources */ = {isa = PBXBuildFile; fileRef = 3AE4AE211FC277B200430BC2 /* AtlasProcess.swift */; };
		3AE4AE241FC277B400430BC2 /* Glue.swift in Sources */ = {isa = PBXBuildFile; fileRef = 3AE4AE231FC277B400430BC2 /* Glue.swift */; };
		3AE4AE261FC277B600430BC2 /* Testing.swift in Sources */ = {isa = PBXBuildFile; fileRef = 3AE4AE251FC277B600430BC2 /* Testing.swift */; };
		3AE4AE281FC277B800430BC2 /* FileSystem.swift in Sources */ = {isa = PBXBuildFile; fileRef = 3AE4AE271FC277B700430BC2 /* FileSystem.swift */; };
/* End PBXBuildFile section */

/* Begin PBXContainerItemProxy section */
		2BCB0DD01FBC15320044C117 /* PBXContainerItemProxy */ = {
			isa = PBXContainerItemProxy;
			containerPortal = 2BCB0DB51FBC15320044C117 /* Project object */;
			proxyType = 1;
			remoteGlobalIDString = 2BCB0DBC1FBC15320044C117;
			remoteInfo = atlas;
		};
		2BCB0DDB1FBC15320044C117 /* PBXContainerItemProxy */ = {
			isa = PBXContainerItemProxy;
			containerPortal = 2BCB0DB51FBC15320044C117 /* Project object */;
			proxyType = 1;
			remoteGlobalIDString = 2BCB0DBC1FBC15320044C117;
			remoteInfo = atlas;
		};
/* End PBXContainerItemProxy section */

/* Begin PBXFileReference section */
		2BCB0DBD1FBC15320044C117 /* atlas.app */ = {isa = PBXFileReference; explicitFileType = wrapper.application; includeInIndex = 0; path = atlas.app; sourceTree = BUILT_PRODUCTS_DIR; };
		2BCB0DC01FBC15320044C117 /* AppDelegate.swift */ = {isa = PBXFileReference; lastKnownFileType = sourcecode.swift; path = AppDelegate.swift; sourceTree = "<group>"; };
		2BCB0DC21FBC15320044C117 /* AccountController.swift */ = {isa = PBXFileReference; lastKnownFileType = sourcecode.swift; path = AccountController.swift; sourceTree = "<group>"; };
		2BCB0DC41FBC15320044C117 /* Assets.xcassets */ = {isa = PBXFileReference; lastKnownFileType = folder.assetcatalog; path = Assets.xcassets; sourceTree = "<group>"; };
		2BCB0DC71FBC15320044C117 /* Base */ = {isa = PBXFileReference; lastKnownFileType = file.storyboard; name = Base; path = Base.lproj/Main.storyboard; sourceTree = "<group>"; };
		2BCB0DC91FBC15320044C117 /* Info.plist */ = {isa = PBXFileReference; lastKnownFileType = text.plist.xml; path = Info.plist; sourceTree = "<group>"; };
		2BCB0DCA1FBC15320044C117 /* atlas.entitlements */ = {isa = PBXFileReference; lastKnownFileType = text.plist.entitlements; path = atlas.entitlements; sourceTree = "<group>"; };
		2BCB0DCF1FBC15320044C117 /* atlasTests.xctest */ = {isa = PBXFileReference; explicitFileType = wrapper.cfbundle; includeInIndex = 0; path = atlasTests.xctest; sourceTree = BUILT_PRODUCTS_DIR; };
		2BCB0DD31FBC15320044C117 /* AtlasTests.swift */ = {isa = PBXFileReference; lastKnownFileType = sourcecode.swift; path = AtlasTests.swift; sourceTree = "<group>"; };
		2BCB0DD51FBC15320044C117 /* Info.plist */ = {isa = PBXFileReference; lastKnownFileType = text.plist.xml; path = Info.plist; sourceTree = "<group>"; };
		2BCB0DDA1FBC15320044C117 /* atlasUITests.xctest */ = {isa = PBXFileReference; explicitFileType = wrapper.cfbundle; includeInIndex = 0; path = atlasUITests.xctest; sourceTree = BUILT_PRODUCTS_DIR; };
		2BCB0DDE1FBC15320044C117 /* AtlasUITests.swift */ = {isa = PBXFileReference; lastKnownFileType = sourcecode.swift; path = AtlasUITests.swift; sourceTree = "<group>"; };
		2BCB0DE01FBC15320044C117 /* Info.plist */ = {isa = PBXFileReference; lastKnownFileType = text.plist.xml; path = Info.plist; sourceTree = "<group>"; };
		3AB1C0E61FBCE43A00ECE6EB /* MainController.swift */ = {isa = PBXFileReference; lastKnownFileType = sourcecode.swift; path = MainController.swift; sourceTree = "<group>"; };
		3AC03DA41FBE05C6007077AE /* FileSystemTests.swift */ = {isa = PBXFileReference; lastKnownFileType = sourcecode.swift; path = FileSystemTests.swift; sourceTree = "<group>"; };
		3AC03DA61FBFC9E5007077AE /* NewProjectController.swift */ = {isa = PBXFileReference; lastKnownFileType = sourcecode.swift; path = NewProjectController.swift; sourceTree = "<group>"; };
		3AC03DAA1FC1C868007077AE /* GlueTests.swift */ = {isa = PBXFileReference; lastKnownFileType = sourcecode.swift; path = GlueTests.swift; sourceTree = "<group>"; };
		3AE4AE211FC277B200430BC2 /* AtlasProcess.swift */ = {isa = PBXFileReference; lastKnownFileType = sourcecode.swift; path = AtlasProcess.swift; sourceTree = "<group>"; };
		3AE4AE231FC277B400430BC2 /* Glue.swift */ = {isa = PBXFileReference; lastKnownFileType = sourcecode.swift; path = Glue.swift; sourceTree = "<group>"; };
		3AE4AE251FC277B600430BC2 /* Testing.swift */ = {isa = PBXFileReference; lastKnownFileType = sourcecode.swift; path = Testing.swift; sourceTree = "<group>"; };
		3AE4AE271FC277B700430BC2 /* FileSystem.swift */ = {isa = PBXFileReference; lastKnownFileType = sourcecode.swift; path = FileSystem.swift; sourceTree = "<group>"; };
/* End PBXFileReference section */

/* Begin PBXFrameworksBuildPhase section */
		2BCB0DBA1FBC15320044C117 /* Frameworks */ = {
			isa = PBXFrameworksBuildPhase;
			buildActionMask = 2147483647;
			files = (
			);
			runOnlyForDeploymentPostprocessing = 0;
		};
		2BCB0DCC1FBC15320044C117 /* Frameworks */ = {
			isa = PBXFrameworksBuildPhase;
			buildActionMask = 2147483647;
			files = (
			);
			runOnlyForDeploymentPostprocessing = 0;
		};
		2BCB0DD71FBC15320044C117 /* Frameworks */ = {
			isa = PBXFrameworksBuildPhase;
			buildActionMask = 2147483647;
			files = (
			);
			runOnlyForDeploymentPostprocessing = 0;
		};
/* End PBXFrameworksBuildPhase section */

/* Begin PBXGroup section */
		2BCB0DB41FBC15320044C117 = {
			isa = PBXGroup;
			children = (
				2BCB0DBF1FBC15320044C117 /* atlas */,
				2BCB0DD21FBC15320044C117 /* atlasTests */,
				2BCB0DDD1FBC15320044C117 /* atlasUITests */,
				2BCB0DBE1FBC15320044C117 /* Products */,
			);
			sourceTree = "<group>";
		};
		2BCB0DBE1FBC15320044C117 /* Products */ = {
			isa = PBXGroup;
			children = (
				2BCB0DBD1FBC15320044C117 /* atlas.app */,
				2BCB0DCF1FBC15320044C117 /* atlasTests.xctest */,
				2BCB0DDA1FBC15320044C117 /* atlasUITests.xctest */,
			);
			name = Products;
			sourceTree = "<group>";
		};
		2BCB0DBF1FBC15320044C117 /* atlas */ = {
			isa = PBXGroup;
			children = (
				3AE4AE291FC277D000430BC2 /* lib */,
				2BCB0DC01FBC15320044C117 /* AppDelegate.swift */,
				2BCB0DC21FBC15320044C117 /* AccountController.swift */,
				2BCB0DC41FBC15320044C117 /* Assets.xcassets */,
				2BCB0DC61FBC15320044C117 /* Main.storyboard */,
				3AC03DA61FBFC9E5007077AE /* NewProjectController.swift */,
				2BCB0DC91FBC15320044C117 /* Info.plist */,
				2BCB0DCA1FBC15320044C117 /* atlas.entitlements */,
				3AB1C0E61FBCE43A00ECE6EB /* MainController.swift */,
			);
			path = atlas;
			sourceTree = "<group>";
		};
		2BCB0DD21FBC15320044C117 /* atlasTests */ = {
			isa = PBXGroup;
			children = (
				2BCB0DD31FBC15320044C117 /* AtlasTests.swift */,
				2BCB0DD51FBC15320044C117 /* Info.plist */,
				3AC03DA41FBE05C6007077AE /* FileSystemTests.swift */,
				3AC03DAA1FC1C868007077AE /* GlueTests.swift */,
			);
			path = atlasTests;
			sourceTree = "<group>";
		};
		2BCB0DDD1FBC15320044C117 /* atlasUITests */ = {
			isa = PBXGroup;
			children = (
				2BCB0DDE1FBC15320044C117 /* AtlasUITests.swift */,
				2BCB0DE01FBC15320044C117 /* Info.plist */,
			);
			path = atlasUITests;
			sourceTree = "<group>";
		};
		3AE4AE291FC277D000430BC2 /* lib */ = {
			isa = PBXGroup;
			children = (
				3AE4AE231FC277B400430BC2 /* Glue.swift */,
				3AE4AE251FC277B600430BC2 /* Testing.swift */,
				3AE4AE271FC277B700430BC2 /* FileSystem.swift */,
				3AE4AE211FC277B200430BC2 /* AtlasProcess.swift */,
			);
			path = lib;
			sourceTree = "<group>";
		};
/* End PBXGroup section */

/* Begin PBXNativeTarget section */
		2BCB0DBC1FBC15320044C117 /* atlas */ = {
			isa = PBXNativeTarget;
			buildConfigurationList = 2BCB0DE31FBC15320044C117 /* Build configuration list for PBXNativeTarget "atlas" */;
			buildPhases = (
				2BCB0DB91FBC15320044C117 /* Sources */,
				2BCB0DBA1FBC15320044C117 /* Frameworks */,
				2BCB0DBB1FBC15320044C117 /* Resources */,
			);
			buildRules = (
			);
			dependencies = (
			);
			name = atlas;
			productName = atlas;
			productReference = 2BCB0DBD1FBC15320044C117 /* atlas.app */;
			productType = "com.apple.product-type.application";
		};
		2BCB0DCE1FBC15320044C117 /* atlasTests */ = {
			isa = PBXNativeTarget;
			buildConfigurationList = 2BCB0DE61FBC15320044C117 /* Build configuration list for PBXNativeTarget "atlasTests" */;
			buildPhases = (
				2BCB0DCB1FBC15320044C117 /* Sources */,
				2BCB0DCC1FBC15320044C117 /* Frameworks */,
				2BCB0DCD1FBC15320044C117 /* Resources */,
			);
			buildRules = (
			);
			dependencies = (
				2BCB0DD11FBC15320044C117 /* PBXTargetDependency */,
			);
			name = atlasTests;
			productName = atlasTests;
			productReference = 2BCB0DCF1FBC15320044C117 /* atlasTests.xctest */;
			productType = "com.apple.product-type.bundle.unit-test";
		};
		2BCB0DD91FBC15320044C117 /* atlasUITests */ = {
			isa = PBXNativeTarget;
			buildConfigurationList = 2BCB0DE91FBC15320044C117 /* Build configuration list for PBXNativeTarget "atlasUITests" */;
			buildPhases = (
				2BCB0DD61FBC15320044C117 /* Sources */,
				2BCB0DD71FBC15320044C117 /* Frameworks */,
				2BCB0DD81FBC15320044C117 /* Resources */,
			);
			buildRules = (
			);
			dependencies = (
				2BCB0DDC1FBC15320044C117 /* PBXTargetDependency */,
			);
			name = atlasUITests;
			productName = atlasUITests;
			productReference = 2BCB0DDA1FBC15320044C117 /* atlasUITests.xctest */;
			productType = "com.apple.product-type.bundle.ui-testing";
		};
/* End PBXNativeTarget section */

/* Begin PBXProject section */
		2BCB0DB51FBC15320044C117 /* Project object */ = {
			isa = PBXProject;
			attributes = {
				LastSwiftUpdateCheck = 0910;
				LastUpgradeCheck = 0910;
				ORGANIZATIONNAME = "Powderhouse Studios";
				TargetAttributes = {
					2BCB0DBC1FBC15320044C117 = {
						CreatedOnToolsVersion = 9.1;
						ProvisioningStyle = Automatic;
					};
					2BCB0DCE1FBC15320044C117 = {
						CreatedOnToolsVersion = 9.1;
						ProvisioningStyle = Automatic;
						TestTargetID = 2BCB0DBC1FBC15320044C117;
					};
					2BCB0DD91FBC15320044C117 = {
						CreatedOnToolsVersion = 9.1;
						ProvisioningStyle = Automatic;
						TestTargetID = 2BCB0DBC1FBC15320044C117;
					};
				};
			};
			buildConfigurationList = 2BCB0DB81FBC15320044C117 /* Build configuration list for PBXProject "atlas" */;
			compatibilityVersion = "Xcode 8.0";
			developmentRegion = en;
			hasScannedForEncodings = 0;
			knownRegions = (
				en,
				Base,
			);
			mainGroup = 2BCB0DB41FBC15320044C117;
			productRefGroup = 2BCB0DBE1FBC15320044C117 /* Products */;
			projectDirPath = "";
			projectRoot = "";
			targets = (
				2BCB0DBC1FBC15320044C117 /* atlas */,
				2BCB0DCE1FBC15320044C117 /* atlasTests */,
				2BCB0DD91FBC15320044C117 /* atlasUITests */,
			);
		};
/* End PBXProject section */

/* Begin PBXResourcesBuildPhase section */
		2BCB0DBB1FBC15320044C117 /* Resources */ = {
			isa = PBXResourcesBuildPhase;
			buildActionMask = 2147483647;
			files = (
				2BCB0DC51FBC15320044C117 /* Assets.xcassets in Resources */,
				2BCB0DC81FBC15320044C117 /* Main.storyboard in Resources */,
			);
			runOnlyForDeploymentPostprocessing = 0;
		};
		2BCB0DCD1FBC15320044C117 /* Resources */ = {
			isa = PBXResourcesBuildPhase;
			buildActionMask = 2147483647;
			files = (
			);
			runOnlyForDeploymentPostprocessing = 0;
		};
		2BCB0DD81FBC15320044C117 /* Resources */ = {
			isa = PBXResourcesBuildPhase;
			buildActionMask = 2147483647;
			files = (
			);
			runOnlyForDeploymentPostprocessing = 0;
		};
/* End PBXResourcesBuildPhase section */

/* Begin PBXSourcesBuildPhase section */
		2BCB0DB91FBC15320044C117 /* Sources */ = {
			isa = PBXSourcesBuildPhase;
			buildActionMask = 2147483647;
			files = (
				3AE4AE281FC277B800430BC2 /* FileSystem.swift in Sources */,
				3AE4AE241FC277B400430BC2 /* Glue.swift in Sources */,
				3AE4AE261FC277B600430BC2 /* Testing.swift in Sources */,
				3AC03DA71FBFC9E5007077AE /* NewProjectController.swift in Sources */,
				2BCB0DC31FBC15320044C117 /* AccountController.swift in Sources */,
				3AB1C0E71FBCE43A00ECE6EB /* MainController.swift in Sources */,
				3AE4AE221FC277B200430BC2 /* AtlasProcess.swift in Sources */,
				2BCB0DC11FBC15320044C117 /* AppDelegate.swift in Sources */,
			);
			runOnlyForDeploymentPostprocessing = 0;
		};
		2BCB0DCB1FBC15320044C117 /* Sources */ = {
			isa = PBXSourcesBuildPhase;
			buildActionMask = 2147483647;
			files = (
				3AC03DA51FBE05C6007077AE /* FileSystemTests.swift in Sources */,
				2BCB0DD41FBC15320044C117 /* AtlasTests.swift in Sources */,
				3AC03DAB1FC1C868007077AE /* GlueTests.swift in Sources */,
			);
			runOnlyForDeploymentPostprocessing = 0;
		};
		2BCB0DD61FBC15320044C117 /* Sources */ = {
			isa = PBXSourcesBuildPhase;
			buildActionMask = 2147483647;
			files = (
				2BCB0DDF1FBC15320044C117 /* AtlasUITests.swift in Sources */,
			);
			runOnlyForDeploymentPostprocessing = 0;
		};
/* End PBXSourcesBuildPhase section */

/* Begin PBXTargetDependency section */
		2BCB0DD11FBC15320044C117 /* PBXTargetDependency */ = {
			isa = PBXTargetDependency;
			target = 2BCB0DBC1FBC15320044C117 /* atlas */;
			targetProxy = 2BCB0DD01FBC15320044C117 /* PBXContainerItemProxy */;
		};
		2BCB0DDC1FBC15320044C117 /* PBXTargetDependency */ = {
			isa = PBXTargetDependency;
			target = 2BCB0DBC1FBC15320044C117 /* atlas */;
			targetProxy = 2BCB0DDB1FBC15320044C117 /* PBXContainerItemProxy */;
		};
/* End PBXTargetDependency section */

/* Begin PBXVariantGroup section */
		2BCB0DC61FBC15320044C117 /* Main.storyboard */ = {
			isa = PBXVariantGroup;
			children = (
				2BCB0DC71FBC15320044C117 /* Base */,
			);
			name = Main.storyboard;
			sourceTree = "<group>";
		};
/* End PBXVariantGroup section */

/* Begin XCBuildConfiguration section */
		2BCB0DE11FBC15320044C117 /* Debug */ = {
			isa = XCBuildConfiguration;
			buildSettings = {
				ALWAYS_SEARCH_USER_PATHS = NO;
				CLANG_ANALYZER_NONNULL = YES;
				CLANG_ANALYZER_NUMBER_OBJECT_CONVERSION = YES_AGGRESSIVE;
				CLANG_CXX_LANGUAGE_STANDARD = "gnu++14";
				CLANG_CXX_LIBRARY = "libc++";
				CLANG_ENABLE_MODULES = YES;
				CLANG_ENABLE_OBJC_ARC = YES;
				CLANG_WARN_BLOCK_CAPTURE_AUTORELEASING = YES;
				CLANG_WARN_BOOL_CONVERSION = YES;
				CLANG_WARN_COMMA = YES;
				CLANG_WARN_CONSTANT_CONVERSION = YES;
				CLANG_WARN_DIRECT_OBJC_ISA_USAGE = YES_ERROR;
				CLANG_WARN_DOCUMENTATION_COMMENTS = YES;
				CLANG_WARN_EMPTY_BODY = YES;
				CLANG_WARN_ENUM_CONVERSION = YES;
				CLANG_WARN_INFINITE_RECURSION = YES;
				CLANG_WARN_INT_CONVERSION = YES;
				CLANG_WARN_NON_LITERAL_NULL_CONVERSION = YES;
				CLANG_WARN_OBJC_LITERAL_CONVERSION = YES;
				CLANG_WARN_OBJC_ROOT_CLASS = YES_ERROR;
				CLANG_WARN_RANGE_LOOP_ANALYSIS = YES;
				CLANG_WARN_STRICT_PROTOTYPES = YES;
				CLANG_WARN_SUSPICIOUS_MOVE = YES;
				CLANG_WARN_UNGUARDED_AVAILABILITY = YES_AGGRESSIVE;
				CLANG_WARN_UNREACHABLE_CODE = YES;
				CLANG_WARN__DUPLICATE_METHOD_MATCH = YES;
				CODE_SIGN_IDENTITY = "Mac Developer";
				COPY_PHASE_STRIP = NO;
				DEBUG_INFORMATION_FORMAT = dwarf;
				ENABLE_STRICT_OBJC_MSGSEND = YES;
				ENABLE_TESTABILITY = YES;
				GCC_C_LANGUAGE_STANDARD = gnu11;
				GCC_DYNAMIC_NO_PIC = NO;
				GCC_NO_COMMON_BLOCKS = YES;
				GCC_OPTIMIZATION_LEVEL = 0;
				GCC_PREPROCESSOR_DEFINITIONS = (
					"DEBUG=1",
					"$(inherited)",
				);
				GCC_WARN_64_TO_32_BIT_CONVERSION = YES;
				GCC_WARN_ABOUT_RETURN_TYPE = YES_ERROR;
				GCC_WARN_UNDECLARED_SELECTOR = YES;
				GCC_WARN_UNINITIALIZED_AUTOS = YES_AGGRESSIVE;
				GCC_WARN_UNUSED_FUNCTION = YES;
				GCC_WARN_UNUSED_VARIABLE = YES;
				MACOSX_DEPLOYMENT_TARGET = 10.12;
				MTL_ENABLE_DEBUG_INFO = YES;
				ONLY_ACTIVE_ARCH = YES;
				SDKROOT = macosx;
				SWIFT_ACTIVE_COMPILATION_CONDITIONS = DEBUG;
				SWIFT_OPTIMIZATION_LEVEL = "-Onone";
			};
			name = Debug;
		};
		2BCB0DE21FBC15320044C117 /* Release */ = {
			isa = XCBuildConfiguration;
			buildSettings = {
				ALWAYS_SEARCH_USER_PATHS = NO;
				CLANG_ANALYZER_NONNULL = YES;
				CLANG_ANALYZER_NUMBER_OBJECT_CONVERSION = YES_AGGRESSIVE;
				CLANG_CXX_LANGUAGE_STANDARD = "gnu++14";
				CLANG_CXX_LIBRARY = "libc++";
				CLANG_ENABLE_MODULES = YES;
				CLANG_ENABLE_OBJC_ARC = YES;
				CLANG_WARN_BLOCK_CAPTURE_AUTORELEASING = YES;
				CLANG_WARN_BOOL_CONVERSION = YES;
				CLANG_WARN_COMMA = YES;
				CLANG_WARN_CONSTANT_CONVERSION = YES;
				CLANG_WARN_DIRECT_OBJC_ISA_USAGE = YES_ERROR;
				CLANG_WARN_DOCUMENTATION_COMMENTS = YES;
				CLANG_WARN_EMPTY_BODY = YES;
				CLANG_WARN_ENUM_CONVERSION = YES;
				CLANG_WARN_INFINITE_RECURSION = YES;
				CLANG_WARN_INT_CONVERSION = YES;
				CLANG_WARN_NON_LITERAL_NULL_CONVERSION = YES;
				CLANG_WARN_OBJC_LITERAL_CONVERSION = YES;
				CLANG_WARN_OBJC_ROOT_CLASS = YES_ERROR;
				CLANG_WARN_RANGE_LOOP_ANALYSIS = YES;
				CLANG_WARN_STRICT_PROTOTYPES = YES;
				CLANG_WARN_SUSPICIOUS_MOVE = YES;
				CLANG_WARN_UNGUARDED_AVAILABILITY = YES_AGGRESSIVE;
				CLANG_WARN_UNREACHABLE_CODE = YES;
				CLANG_WARN__DUPLICATE_METHOD_MATCH = YES;
				CODE_SIGN_IDENTITY = "Mac Developer";
				COPY_PHASE_STRIP = NO;
				DEBUG_INFORMATION_FORMAT = "dwarf-with-dsym";
				ENABLE_NS_ASSERTIONS = NO;
				ENABLE_STRICT_OBJC_MSGSEND = YES;
				GCC_C_LANGUAGE_STANDARD = gnu11;
				GCC_NO_COMMON_BLOCKS = YES;
				GCC_WARN_64_TO_32_BIT_CONVERSION = YES;
				GCC_WARN_ABOUT_RETURN_TYPE = YES_ERROR;
				GCC_WARN_UNDECLARED_SELECTOR = YES;
				GCC_WARN_UNINITIALIZED_AUTOS = YES_AGGRESSIVE;
				GCC_WARN_UNUSED_FUNCTION = YES;
				GCC_WARN_UNUSED_VARIABLE = YES;
				MACOSX_DEPLOYMENT_TARGET = 10.12;
				MTL_ENABLE_DEBUG_INFO = NO;
				SDKROOT = macosx;
				SWIFT_OPTIMIZATION_LEVEL = "-Owholemodule";
			};
			name = Release;
		};
		2BCB0DE41FBC15320044C117 /* Debug */ = {
			isa = XCBuildConfiguration;
			buildSettings = {
				ASSETCATALOG_COMPILER_APPICON_NAME = AppIcon;
				CODE_SIGN_STYLE = Automatic;
				COMBINE_HIDPI_IMAGES = YES;
				DEVELOPMENT_TEAM = WASH6HKS85;
				INFOPLIST_FILE = atlas/Info.plist;
				LD_RUNPATH_SEARCH_PATHS = "$(inherited) @executable_path/../Frameworks";
				MACOSX_DEPLOYMENT_TARGET = 10.13;
				PRODUCT_BUNDLE_IDENTIFIER = com.powderhs.atlas;
				PRODUCT_NAME = "$(TARGET_NAME)";
				SWIFT_VERSION = 4.0;
			};
			name = Debug;
		};
		2BCB0DE51FBC15320044C117 /* Release */ = {
			isa = XCBuildConfiguration;
			buildSettings = {
				ASSETCATALOG_COMPILER_APPICON_NAME = AppIcon;
				CODE_SIGN_STYLE = Automatic;
				COMBINE_HIDPI_IMAGES = YES;
				DEVELOPMENT_TEAM = WASH6HKS85;
				INFOPLIST_FILE = atlas/Info.plist;
				LD_RUNPATH_SEARCH_PATHS = "$(inherited) @executable_path/../Frameworks";
				MACOSX_DEPLOYMENT_TARGET = 10.13;
				PRODUCT_BUNDLE_IDENTIFIER = com.powderhs.atlas;
				PRODUCT_NAME = "$(TARGET_NAME)";
				SWIFT_VERSION = 4.0;
			};
			name = Release;
		};
		2BCB0DE71FBC15320044C117 /* Debug */ = {
			isa = XCBuildConfiguration;
			buildSettings = {
				ALWAYS_EMBED_SWIFT_STANDARD_LIBRARIES = YES;
				BUNDLE_LOADER = "$(TEST_HOST)";
				CODE_SIGN_STYLE = Automatic;
				COMBINE_HIDPI_IMAGES = YES;
				DEVELOPMENT_TEAM = YR46RFDS4W;
				INFOPLIST_FILE = atlasTests/Info.plist;
				LD_RUNPATH_SEARCH_PATHS = "$(inherited) @executable_path/../Frameworks @loader_path/../Frameworks";
				MACOSX_DEPLOYMENT_TARGET = 10.13;
				PRODUCT_BUNDLE_IDENTIFIER = com.powderhs.atlasTests;
				PRODUCT_NAME = "$(TARGET_NAME)";
				SWIFT_VERSION = 4.0;
				TEST_HOST = "$(BUILT_PRODUCTS_DIR)/atlas.app/Contents/MacOS/atlas";
			};
			name = Debug;
		};
		2BCB0DE81FBC15320044C117 /* Release */ = {
			isa = XCBuildConfiguration;
			buildSettings = {
				ALWAYS_EMBED_SWIFT_STANDARD_LIBRARIES = YES;
				BUNDLE_LOADER = "$(TEST_HOST)";
				CODE_SIGN_STYLE = Automatic;
				COMBINE_HIDPI_IMAGES = YES;
				DEVELOPMENT_TEAM = YR46RFDS4W;
				INFOPLIST_FILE = atlasTests/Info.plist;
				LD_RUNPATH_SEARCH_PATHS = "$(inherited) @executable_path/../Frameworks @loader_path/../Frameworks";
				MACOSX_DEPLOYMENT_TARGET = 10.13;
				PRODUCT_BUNDLE_IDENTIFIER = com.powderhs.atlasTests;
				PRODUCT_NAME = "$(TARGET_NAME)";
				SWIFT_VERSION = 4.0;
				TEST_HOST = "$(BUILT_PRODUCTS_DIR)/atlas.app/Contents/MacOS/atlas";
			};
			name = Release;
		};
		2BCB0DEA1FBC15320044C117 /* Debug */ = {
			isa = XCBuildConfiguration;
			buildSettings = {
				ALWAYS_EMBED_SWIFT_STANDARD_LIBRARIES = YES;
				CODE_SIGN_STYLE = Automatic;
				COMBINE_HIDPI_IMAGES = YES;
				DEVELOPMENT_TEAM = YR46RFDS4W;
				INFOPLIST_FILE = atlasUITests/Info.plist;
				LD_RUNPATH_SEARCH_PATHS = "$(inherited) @executable_path/../Frameworks @loader_path/../Frameworks";
				MACOSX_DEPLOYMENT_TARGET = 10.13;
				PRODUCT_BUNDLE_IDENTIFIER = com.powderhs.atlasUITests;
				PRODUCT_NAME = "$(TARGET_NAME)";
				SWIFT_VERSION = 4.0;
				TEST_TARGET_NAME = atlas;
			};
			name = Debug;
		};
		2BCB0DEB1FBC15320044C117 /* Release */ = {
			isa = XCBuildConfiguration;
			buildSettings = {
				ALWAYS_EMBED_SWIFT_STANDARD_LIBRARIES = YES;
				CODE_SIGN_STYLE = Automatic;
				COMBINE_HIDPI_IMAGES = YES;
				DEVELOPMENT_TEAM = YR46RFDS4W;
				INFOPLIST_FILE = atlasUITests/Info.plist;
				LD_RUNPATH_SEARCH_PATHS = "$(inherited) @executable_path/../Frameworks @loader_path/../Frameworks";
				MACOSX_DEPLOYMENT_TARGET = 10.13;
				PRODUCT_BUNDLE_IDENTIFIER = com.powderhs.atlasUITests;
				PRODUCT_NAME = "$(TARGET_NAME)";
				SWIFT_VERSION = 4.0;
				TEST_TARGET_NAME = atlas;
			};
			name = Release;
		};
/* End XCBuildConfiguration section */

/* Begin XCConfigurationList section */
		2BCB0DB81FBC15320044C117 /* Build configuration list for PBXProject "atlas" */ = {
			isa = XCConfigurationList;
			buildConfigurations = (
				2BCB0DE11FBC15320044C117 /* Debug */,
				2BCB0DE21FBC15320044C117 /* Release */,
			);
			defaultConfigurationIsVisible = 0;
			defaultConfigurationName = Release;
		};
		2BCB0DE31FBC15320044C117 /* Build configuration list for PBXNativeTarget "atlas" */ = {
			isa = XCConfigurationList;
			buildConfigurations = (
				2BCB0DE41FBC15320044C117 /* Debug */,
				2BCB0DE51FBC15320044C117 /* Release */,
			);
			defaultConfigurationIsVisible = 0;
			defaultConfigurationName = Release;
		};
		2BCB0DE61FBC15320044C117 /* Build configuration list for PBXNativeTarget "atlasTests" */ = {
			isa = XCConfigurationList;
			buildConfigurations = (
				2BCB0DE71FBC15320044C117 /* Debug */,
				2BCB0DE81FBC15320044C117 /* Release */,
			);
			defaultConfigurationIsVisible = 0;
			defaultConfigurationName = Release;
		};
		2BCB0DE91FBC15320044C117 /* Build configuration list for PBXNativeTarget "atlasUITests" */ = {
			isa = XCConfigurationList;
			buildConfigurations = (
				2BCB0DEA1FBC15320044C117 /* Debug */,
				2BCB0DEB1FBC15320044C117 /* Release */,
			);
			defaultConfigurationIsVisible = 0;
			defaultConfigurationName = Release;
		};
/* End XCConfigurationList section */
	};
	rootObject = 2BCB0DB51FBC15320044C117 /* Project object */;
}
