// !$*UTF8*$!
{
	archiveVersion = 1;
	classes = {
	};
	objectVersion = 46;
	objects = {

/* Begin PBXAggregateTarget section */
		"Atlas::AtlasPackageTests::ProductTarget" /* AtlasPackageTests */ = {
			isa = PBXAggregateTarget;
			buildConfigurationList = OBJ_397 /* Build configuration list for PBXAggregateTarget "AtlasPackageTests" */;
			buildPhases = (
			);
			dependencies = (
				OBJ_400 /* PBXTargetDependency */,
			);
			name = AtlasPackageTests;
			productName = AtlasPackageTests;
		};
/* End PBXAggregateTarget section */

/* Begin PBXBuildFile section */
		3A8A74AD2056EC4C00FD679B /* ImportCommand.swift in Sources */ = {isa = PBXBuildFile; fileRef = OBJ_13 /* ImportCommand.swift */; };
		3A8A74AE2056EC4F00FD679B /* CommitCommand.swift in Sources */ = {isa = PBXBuildFile; fileRef = OBJ_12 /* CommitCommand.swift */; };
		3A8A74AF2056EC5300FD679B /* AtlasInput.swift in Sources */ = {isa = PBXBuildFile; fileRef = OBJ_11 /* AtlasInput.swift */; };
		3A8A74B02056EC5300FD679B /* InfoCommand.swift in Sources */ = {isa = PBXBuildFile; fileRef = OBJ_14 /* InfoCommand.swift */; };
		3A8A74B12056EC5300FD679B /* LogCommand.swift in Sources */ = {isa = PBXBuildFile; fileRef = OBJ_15 /* LogCommand.swift */; };
		3A8A74B22056EC5300FD679B /* LoginCommand.swift in Sources */ = {isa = PBXBuildFile; fileRef = OBJ_16 /* LoginCommand.swift */; };
		3A8A74B32056EC5300FD679B /* LogoutCommand.swift in Sources */ = {isa = PBXBuildFile; fileRef = OBJ_17 /* LogoutCommand.swift */; };
		3A8A74B42056EC5300FD679B /* StageCommand.swift in Sources */ = {isa = PBXBuildFile; fileRef = OBJ_18 /* StageCommand.swift */; };
		3A8A74B52056EC5300FD679B /* StagedCommand.swift in Sources */ = {isa = PBXBuildFile; fileRef = OBJ_19 /* StagedCommand.swift */; };
		3A8A74B62056EC5300FD679B /* StartProjectCommand.swift in Sources */ = {isa = PBXBuildFile; fileRef = OBJ_20 /* StartProjectCommand.swift */; };
		3A8A74B72056EC5300FD679B /* StatusCommand.swift in Sources */ = {isa = PBXBuildFile; fileRef = OBJ_21 /* StatusCommand.swift */; };
		3A8A74B82056EC5300FD679B /* UnstageCommand.swift in Sources */ = {isa = PBXBuildFile; fileRef = OBJ_22 /* UnstageCommand.swift */; };
		3A8A74B92056EC5300FD679B /* UnstagedCommand.swift in Sources */ = {isa = PBXBuildFile; fileRef = OBJ_23 /* UnstagedCommand.swift */; };
		3A8A74BA2056EC5300FD679B /* main.swift in Sources */ = {isa = PBXBuildFile; fileRef = OBJ_24 /* main.swift */; };
		OBJ_182 /* Package.swift in Sources */ = {isa = PBXBuildFile; fileRef = OBJ_6 /* Package.swift */; };
		OBJ_188 /* Package.swift in Sources */ = {isa = PBXBuildFile; fileRef = OBJ_49 /* Package.swift */; };
		OBJ_194 /* Package.swift in Sources */ = {isa = PBXBuildFile; fileRef = OBJ_83 /* Package.swift */; };
		OBJ_200 /* Package.swift in Sources */ = {isa = PBXBuildFile; fileRef = OBJ_140 /* Package.swift */; };
		OBJ_206 /* Package.swift in Sources */ = {isa = PBXBuildFile; fileRef = OBJ_168 /* Package.swift */; };
		OBJ_212 /* CommitCommandSpec.swift in Sources */ = {isa = PBXBuildFile; fileRef = OBJ_27 /* CommitCommandSpec.swift */; };
		OBJ_213 /* Helper.swift in Sources */ = {isa = PBXBuildFile; fileRef = OBJ_28 /* Helper.swift */; };
		OBJ_214 /* ImportCommandSpec.swift in Sources */ = {isa = PBXBuildFile; fileRef = OBJ_29 /* ImportCommandSpec.swift */; };
		OBJ_215 /* LogCommandSpec.swift in Sources */ = {isa = PBXBuildFile; fileRef = OBJ_30 /* LogCommandSpec.swift */; };
		OBJ_216 /* LoginCommandSpec.swift in Sources */ = {isa = PBXBuildFile; fileRef = OBJ_31 /* LoginCommandSpec.swift */; };
		OBJ_217 /* LogoutCommandSpec.swift in Sources */ = {isa = PBXBuildFile; fileRef = OBJ_32 /* LogoutCommandSpec.swift */; };
		OBJ_218 /* StageCommandSpec.swift in Sources */ = {isa = PBXBuildFile; fileRef = OBJ_33 /* StageCommandSpec.swift */; };
		OBJ_219 /* StartProjectCommandSpec.swift in Sources */ = {isa = PBXBuildFile; fileRef = OBJ_34 /* StartProjectCommandSpec.swift */; };
		OBJ_220 /* UnstageCommandSpec.swift in Sources */ = {isa = PBXBuildFile; fileRef = OBJ_35 /* UnstageCommandSpec.swift */; };
		OBJ_222 /* Nimble.framework in Frameworks */ = {isa = PBXBuildFile; fileRef = "Nimble::Nimble::Product" /* Nimble.framework */; };
		OBJ_223 /* Quick.framework in Frameworks */ = {isa = PBXBuildFile; fileRef = "Quick::Quick::Product" /* Quick.framework */; };
		OBJ_224 /* QuickSpecBase.framework in Frameworks */ = {isa = PBXBuildFile; fileRef = "Quick::QuickSpecBase::Product" /* QuickSpecBase.framework */; };
		OBJ_225 /* AtlasCore.framework in Frameworks */ = {isa = PBXBuildFile; fileRef = "AtlasCore::AtlasCore::Product" /* AtlasCore.framework */; };
		OBJ_226 /* SwiftCLI.framework in Frameworks */ = {isa = PBXBuildFile; fileRef = "SwiftCLI::SwiftCLI::Product" /* SwiftCLI.framework */; };
		OBJ_243 /* AdapterProtocols.swift in Sources */ = {isa = PBXBuildFile; fileRef = OBJ_87 /* AdapterProtocols.swift */; };
		OBJ_244 /* AssertionDispatcher.swift in Sources */ = {isa = PBXBuildFile; fileRef = OBJ_88 /* AssertionDispatcher.swift */; };
		OBJ_245 /* AssertionRecorder.swift in Sources */ = {isa = PBXBuildFile; fileRef = OBJ_89 /* AssertionRecorder.swift */; };
		OBJ_246 /* NMBExpectation.swift in Sources */ = {isa = PBXBuildFile; fileRef = OBJ_90 /* NMBExpectation.swift */; };
		OBJ_247 /* NMBObjCMatcher.swift in Sources */ = {isa = PBXBuildFile; fileRef = OBJ_91 /* NMBObjCMatcher.swift */; };
		OBJ_248 /* NimbleEnvironment.swift in Sources */ = {isa = PBXBuildFile; fileRef = OBJ_92 /* NimbleEnvironment.swift */; };
		OBJ_249 /* NimbleXCTestHandler.swift in Sources */ = {isa = PBXBuildFile; fileRef = OBJ_93 /* NimbleXCTestHandler.swift */; };
		OBJ_250 /* ExceptionCapture.swift in Sources */ = {isa = PBXBuildFile; fileRef = OBJ_95 /* ExceptionCapture.swift */; };
		OBJ_251 /* DSL+Wait.swift in Sources */ = {isa = PBXBuildFile; fileRef = OBJ_96 /* DSL+Wait.swift */; };
		OBJ_252 /* DSL.swift in Sources */ = {isa = PBXBuildFile; fileRef = OBJ_97 /* DSL.swift */; };
		OBJ_253 /* Expectation.swift in Sources */ = {isa = PBXBuildFile; fileRef = OBJ_98 /* Expectation.swift */; };
		OBJ_254 /* ExpectationMessage.swift in Sources */ = {isa = PBXBuildFile; fileRef = OBJ_99 /* ExpectationMessage.swift */; };
		OBJ_255 /* Expression.swift in Sources */ = {isa = PBXBuildFile; fileRef = OBJ_100 /* Expression.swift */; };
		OBJ_256 /* FailureMessage.swift in Sources */ = {isa = PBXBuildFile; fileRef = OBJ_101 /* FailureMessage.swift */; };
		OBJ_257 /* AllPass.swift in Sources */ = {isa = PBXBuildFile; fileRef = OBJ_103 /* AllPass.swift */; };
		OBJ_258 /* AsyncMatcherWrapper.swift in Sources */ = {isa = PBXBuildFile; fileRef = OBJ_104 /* AsyncMatcherWrapper.swift */; };
		OBJ_259 /* BeAKindOf.swift in Sources */ = {isa = PBXBuildFile; fileRef = OBJ_105 /* BeAKindOf.swift */; };
		OBJ_260 /* BeAnInstanceOf.swift in Sources */ = {isa = PBXBuildFile; fileRef = OBJ_106 /* BeAnInstanceOf.swift */; };
		OBJ_261 /* BeCloseTo.swift in Sources */ = {isa = PBXBuildFile; fileRef = OBJ_107 /* BeCloseTo.swift */; };
		OBJ_262 /* BeEmpty.swift in Sources */ = {isa = PBXBuildFile; fileRef = OBJ_108 /* BeEmpty.swift */; };
		OBJ_263 /* BeGreaterThan.swift in Sources */ = {isa = PBXBuildFile; fileRef = OBJ_109 /* BeGreaterThan.swift */; };
		OBJ_264 /* BeGreaterThanOrEqualTo.swift in Sources */ = {isa = PBXBuildFile; fileRef = OBJ_110 /* BeGreaterThanOrEqualTo.swift */; };
		OBJ_265 /* BeIdenticalTo.swift in Sources */ = {isa = PBXBuildFile; fileRef = OBJ_111 /* BeIdenticalTo.swift */; };
		OBJ_266 /* BeLessThan.swift in Sources */ = {isa = PBXBuildFile; fileRef = OBJ_112 /* BeLessThan.swift */; };
		OBJ_267 /* BeLessThanOrEqual.swift in Sources */ = {isa = PBXBuildFile; fileRef = OBJ_113 /* BeLessThanOrEqual.swift */; };
		OBJ_268 /* BeLogical.swift in Sources */ = {isa = PBXBuildFile; fileRef = OBJ_114 /* BeLogical.swift */; };
		OBJ_269 /* BeNil.swift in Sources */ = {isa = PBXBuildFile; fileRef = OBJ_115 /* BeNil.swift */; };
		OBJ_270 /* BeVoid.swift in Sources */ = {isa = PBXBuildFile; fileRef = OBJ_116 /* BeVoid.swift */; };
		OBJ_271 /* BeginWith.swift in Sources */ = {isa = PBXBuildFile; fileRef = OBJ_117 /* BeginWith.swift */; };
		OBJ_272 /* Contain.swift in Sources */ = {isa = PBXBuildFile; fileRef = OBJ_118 /* Contain.swift */; };
		OBJ_273 /* ContainElementSatisfying.swift in Sources */ = {isa = PBXBuildFile; fileRef = OBJ_119 /* ContainElementSatisfying.swift */; };
		OBJ_274 /* EndWith.swift in Sources */ = {isa = PBXBuildFile; fileRef = OBJ_120 /* EndWith.swift */; };
		OBJ_275 /* Equal.swift in Sources */ = {isa = PBXBuildFile; fileRef = OBJ_121 /* Equal.swift */; };
		OBJ_276 /* HaveCount.swift in Sources */ = {isa = PBXBuildFile; fileRef = OBJ_122 /* HaveCount.swift */; };
		OBJ_277 /* Match.swift in Sources */ = {isa = PBXBuildFile; fileRef = OBJ_123 /* Match.swift */; };
		OBJ_278 /* MatchError.swift in Sources */ = {isa = PBXBuildFile; fileRef = OBJ_124 /* MatchError.swift */; };
		OBJ_279 /* MatcherFunc.swift in Sources */ = {isa = PBXBuildFile; fileRef = OBJ_125 /* MatcherFunc.swift */; };
		OBJ_280 /* MatcherProtocols.swift in Sources */ = {isa = PBXBuildFile; fileRef = OBJ_126 /* MatcherProtocols.swift */; };
		OBJ_281 /* PostNotification.swift in Sources */ = {isa = PBXBuildFile; fileRef = OBJ_127 /* PostNotification.swift */; };
		OBJ_282 /* Predicate.swift in Sources */ = {isa = PBXBuildFile; fileRef = OBJ_128 /* Predicate.swift */; };
		OBJ_283 /* RaisesException.swift in Sources */ = {isa = PBXBuildFile; fileRef = OBJ_129 /* RaisesException.swift */; };
		OBJ_284 /* SatisfyAnyOf.swift in Sources */ = {isa = PBXBuildFile; fileRef = OBJ_130 /* SatisfyAnyOf.swift */; };
		OBJ_285 /* ThrowAssertion.swift in Sources */ = {isa = PBXBuildFile; fileRef = OBJ_131 /* ThrowAssertion.swift */; };
		OBJ_286 /* ThrowError.swift in Sources */ = {isa = PBXBuildFile; fileRef = OBJ_132 /* ThrowError.swift */; };
		OBJ_287 /* ToSucceed.swift in Sources */ = {isa = PBXBuildFile; fileRef = OBJ_133 /* ToSucceed.swift */; };
		OBJ_288 /* Async.swift in Sources */ = {isa = PBXBuildFile; fileRef = OBJ_135 /* Async.swift */; };
		OBJ_289 /* Errors.swift in Sources */ = {isa = PBXBuildFile; fileRef = OBJ_136 /* Errors.swift */; };
		OBJ_290 /* Functional.swift in Sources */ = {isa = PBXBuildFile; fileRef = OBJ_137 /* Functional.swift */; };
		OBJ_291 /* SourceLocation.swift in Sources */ = {isa = PBXBuildFile; fileRef = OBJ_138 /* SourceLocation.swift */; };
		OBJ_292 /* Stringers.swift in Sources */ = {isa = PBXBuildFile; fileRef = OBJ_139 /* Stringers.swift */; };
		OBJ_298 /* Behavior.swift in Sources */ = {isa = PBXBuildFile; fileRef = OBJ_57 /* Behavior.swift */; };
		OBJ_299 /* Callsite.swift in Sources */ = {isa = PBXBuildFile; fileRef = OBJ_58 /* Callsite.swift */; };
		OBJ_300 /* Configuration.swift in Sources */ = {isa = PBXBuildFile; fileRef = OBJ_60 /* Configuration.swift */; };
		OBJ_301 /* QuickConfiguration.swift in Sources */ = {isa = PBXBuildFile; fileRef = OBJ_61 /* QuickConfiguration.swift */; };
		OBJ_302 /* DSL.swift in Sources */ = {isa = PBXBuildFile; fileRef = OBJ_63 /* DSL.swift */; };
		OBJ_303 /* World+DSL.swift in Sources */ = {isa = PBXBuildFile; fileRef = OBJ_64 /* World+DSL.swift */; };
		OBJ_304 /* ErrorUtility.swift in Sources */ = {isa = PBXBuildFile; fileRef = OBJ_65 /* ErrorUtility.swift */; };
		OBJ_305 /* Example.swift in Sources */ = {isa = PBXBuildFile; fileRef = OBJ_66 /* Example.swift */; };
		OBJ_306 /* ExampleGroup.swift in Sources */ = {isa = PBXBuildFile; fileRef = OBJ_67 /* ExampleGroup.swift */; };
		OBJ_307 /* ExampleMetadata.swift in Sources */ = {isa = PBXBuildFile; fileRef = OBJ_68 /* ExampleMetadata.swift */; };
		OBJ_308 /* Filter.swift in Sources */ = {isa = PBXBuildFile; fileRef = OBJ_69 /* Filter.swift */; };
		OBJ_309 /* Closures.swift in Sources */ = {isa = PBXBuildFile; fileRef = OBJ_71 /* Closures.swift */; };
		OBJ_310 /* ExampleHooks.swift in Sources */ = {isa = PBXBuildFile; fileRef = OBJ_72 /* ExampleHooks.swift */; };
		OBJ_311 /* HooksPhase.swift in Sources */ = {isa = PBXBuildFile; fileRef = OBJ_73 /* HooksPhase.swift */; };
		OBJ_312 /* SuiteHooks.swift in Sources */ = {isa = PBXBuildFile; fileRef = OBJ_74 /* SuiteHooks.swift */; };
		OBJ_313 /* NSBundle+CurrentTestBundle.swift in Sources */ = {isa = PBXBuildFile; fileRef = OBJ_75 /* NSBundle+CurrentTestBundle.swift */; };
		OBJ_314 /* NSString+C99ExtendedIdentifier.swift in Sources */ = {isa = PBXBuildFile; fileRef = OBJ_76 /* NSString+C99ExtendedIdentifier.swift */; };
		OBJ_315 /* QuickMain.swift in Sources */ = {isa = PBXBuildFile; fileRef = OBJ_77 /* QuickMain.swift */; };
		OBJ_316 /* QuickSelectedTestSuiteBuilder.swift in Sources */ = {isa = PBXBuildFile; fileRef = OBJ_78 /* QuickSelectedTestSuiteBuilder.swift */; };
		OBJ_317 /* QuickSpec.swift in Sources */ = {isa = PBXBuildFile; fileRef = OBJ_79 /* QuickSpec.swift */; };
		OBJ_318 /* QuickTestSuite.swift in Sources */ = {isa = PBXBuildFile; fileRef = OBJ_80 /* QuickTestSuite.swift */; };
		OBJ_319 /* URL+FileName.swift in Sources */ = {isa = PBXBuildFile; fileRef = OBJ_81 /* URL+FileName.swift */; };
		OBJ_320 /* World.swift in Sources */ = {isa = PBXBuildFile; fileRef = OBJ_82 /* World.swift */; };
		OBJ_322 /* QuickSpecBase.framework in Frameworks */ = {isa = PBXBuildFile; fileRef = "Quick::QuickSpecBase::Product" /* QuickSpecBase.framework */; };
		OBJ_328 /* QuickSpecBase.m in Sources */ = {isa = PBXBuildFile; fileRef = OBJ_52 /* QuickSpecBase.m */; };
		OBJ_334 /* AtlasInput.swift in Sources */ = {isa = PBXBuildFile; fileRef = OBJ_11 /* AtlasInput.swift */; };
		OBJ_335 /* CommitCommand.swift in Sources */ = {isa = PBXBuildFile; fileRef = OBJ_12 /* CommitCommand.swift */; };
		OBJ_336 /* ImportCommand.swift in Sources */ = {isa = PBXBuildFile; fileRef = OBJ_13 /* ImportCommand.swift */; };
		OBJ_337 /* InfoCommand.swift in Sources */ = {isa = PBXBuildFile; fileRef = OBJ_14 /* InfoCommand.swift */; };
		OBJ_338 /* LogCommand.swift in Sources */ = {isa = PBXBuildFile; fileRef = OBJ_15 /* LogCommand.swift */; };
		OBJ_339 /* LoginCommand.swift in Sources */ = {isa = PBXBuildFile; fileRef = OBJ_16 /* LoginCommand.swift */; };
		OBJ_340 /* LogoutCommand.swift in Sources */ = {isa = PBXBuildFile; fileRef = OBJ_17 /* LogoutCommand.swift */; };
		OBJ_341 /* StageCommand.swift in Sources */ = {isa = PBXBuildFile; fileRef = OBJ_18 /* StageCommand.swift */; };
		OBJ_342 /* StagedCommand.swift in Sources */ = {isa = PBXBuildFile; fileRef = OBJ_19 /* StagedCommand.swift */; };
		OBJ_343 /* StartProjectCommand.swift in Sources */ = {isa = PBXBuildFile; fileRef = OBJ_20 /* StartProjectCommand.swift */; };
		OBJ_344 /* StatusCommand.swift in Sources */ = {isa = PBXBuildFile; fileRef = OBJ_21 /* StatusCommand.swift */; };
		OBJ_345 /* UnstageCommand.swift in Sources */ = {isa = PBXBuildFile; fileRef = OBJ_22 /* UnstageCommand.swift */; };
		OBJ_346 /* UnstagedCommand.swift in Sources */ = {isa = PBXBuildFile; fileRef = OBJ_23 /* UnstagedCommand.swift */; };
		OBJ_347 /* main.swift in Sources */ = {isa = PBXBuildFile; fileRef = OBJ_24 /* main.swift */; };
		OBJ_349 /* AtlasCore.framework in Frameworks */ = {isa = PBXBuildFile; fileRef = "AtlasCore::AtlasCore::Product" /* AtlasCore.framework */; };
		OBJ_350 /* SwiftCLI.framework in Frameworks */ = {isa = PBXBuildFile; fileRef = "SwiftCLI::SwiftCLI::Product" /* SwiftCLI.framework */; };
		OBJ_357 /* AtlasCore.swift in Sources */ = {isa = PBXBuildFile; fileRef = OBJ_41 /* AtlasCore.swift */; };
		OBJ_358 /* AtlasProcess.swift in Sources */ = {isa = PBXBuildFile; fileRef = OBJ_42 /* AtlasProcess.swift */; };
		OBJ_359 /* Credentials.swift in Sources */ = {isa = PBXBuildFile; fileRef = OBJ_43 /* Credentials.swift */; };
		OBJ_360 /* FileSystem.swift in Sources */ = {isa = PBXBuildFile; fileRef = OBJ_44 /* FileSystem.swift */; };
		OBJ_361 /* Git.swift in Sources */ = {isa = PBXBuildFile; fileRef = OBJ_45 /* Git.swift */; };
		OBJ_362 /* GitHub.swift in Sources */ = {isa = PBXBuildFile; fileRef = OBJ_46 /* GitHub.swift */; };
		OBJ_363 /* Glue.swift in Sources */ = {isa = PBXBuildFile; fileRef = OBJ_47 /* Glue.swift */; };
		OBJ_364 /* Project.swift in Sources */ = {isa = PBXBuildFile; fileRef = OBJ_48 /* Project.swift */; };
		OBJ_370 /* ArgumentList.swift in Sources */ = {isa = PBXBuildFile; fileRef = OBJ_143 /* ArgumentList.swift */; };
		OBJ_371 /* ArgumentListManipulator.swift in Sources */ = {isa = PBXBuildFile; fileRef = OBJ_144 /* ArgumentListManipulator.swift */; };
		OBJ_372 /* CLI-deprecated.swift in Sources */ = {isa = PBXBuildFile; fileRef = OBJ_145 /* CLI-deprecated.swift */; };
		OBJ_373 /* CLI.swift in Sources */ = {isa = PBXBuildFile; fileRef = OBJ_146 /* CLI.swift */; };
		OBJ_374 /* ChainableCommand.swift in Sources */ = {isa = PBXBuildFile; fileRef = OBJ_147 /* ChainableCommand.swift */; };
		OBJ_375 /* Command.swift in Sources */ = {isa = PBXBuildFile; fileRef = OBJ_148 /* Command.swift */; };
		OBJ_376 /* CommandSignature.swift in Sources */ = {isa = PBXBuildFile; fileRef = OBJ_149 /* CommandSignature.swift */; };
		OBJ_377 /* CompletionGenerator.swift in Sources */ = {isa = PBXBuildFile; fileRef = OBJ_150 /* CompletionGenerator.swift */; };
		OBJ_378 /* Error.swift in Sources */ = {isa = PBXBuildFile; fileRef = OBJ_151 /* Error.swift */; };
		OBJ_379 /* GlobalOptions.swift in Sources */ = {isa = PBXBuildFile; fileRef = OBJ_152 /* GlobalOptions.swift */; };
		OBJ_380 /* HelpCommand.swift in Sources */ = {isa = PBXBuildFile; fileRef = OBJ_153 /* HelpCommand.swift */; };
		OBJ_381 /* HelpMessageGenerator.swift in Sources */ = {isa = PBXBuildFile; fileRef = OBJ_154 /* HelpMessageGenerator.swift */; };
		OBJ_382 /* Input.swift in Sources */ = {isa = PBXBuildFile; fileRef = OBJ_155 /* Input.swift */; };
		OBJ_383 /* LightweightCommand.swift in Sources */ = {isa = PBXBuildFile; fileRef = OBJ_156 /* LightweightCommand.swift */; };
		OBJ_384 /* Option.swift in Sources */ = {isa = PBXBuildFile; fileRef = OBJ_157 /* Option.swift */; };
		OBJ_385 /* OptionGroup.swift in Sources */ = {isa = PBXBuildFile; fileRef = OBJ_158 /* OptionGroup.swift */; };
		OBJ_386 /* OptionRecognizer.swift in Sources */ = {isa = PBXBuildFile; fileRef = OBJ_159 /* OptionRecognizer.swift */; };
		OBJ_387 /* OptionRegistry.swift in Sources */ = {isa = PBXBuildFile; fileRef = OBJ_160 /* OptionRegistry.swift */; };
		OBJ_388 /* Output.swift in Sources */ = {isa = PBXBuildFile; fileRef = OBJ_161 /* Output.swift */; };
		OBJ_389 /* OutputByteStream.swift in Sources */ = {isa = PBXBuildFile; fileRef = OBJ_162 /* OutputByteStream.swift */; };
		OBJ_390 /* Parameter.swift in Sources */ = {isa = PBXBuildFile; fileRef = OBJ_163 /* Parameter.swift */; };
		OBJ_391 /* ParameterFiller.swift in Sources */ = {isa = PBXBuildFile; fileRef = OBJ_164 /* ParameterFiller.swift */; };
		OBJ_392 /* Router.swift in Sources */ = {isa = PBXBuildFile; fileRef = OBJ_165 /* Router.swift */; };
		OBJ_393 /* Term.swift in Sources */ = {isa = PBXBuildFile; fileRef = OBJ_166 /* Term.swift */; };
		OBJ_394 /* VersionCommand.swift in Sources */ = {isa = PBXBuildFile; fileRef = OBJ_167 /* VersionCommand.swift */; };
/* End PBXBuildFile section */

/* Begin PBXContainerItemProxy section */
		3A8A74A32056EC2400FD679B /* PBXContainerItemProxy */ = {
			isa = PBXContainerItemProxy;
			containerPortal = OBJ_1 /* Project object */;
			proxyType = 1;
			remoteGlobalIDString = "AtlasCore::AtlasCore";
			remoteInfo = AtlasCore;
		};
		3A8A74A42056EC2400FD679B /* PBXContainerItemProxy */ = {
			isa = PBXContainerItemProxy;
			containerPortal = OBJ_1 /* Project object */;
			proxyType = 1;
			remoteGlobalIDString = "SwiftCLI::SwiftCLI";
			remoteInfo = SwiftCLI;
		};
		3A8A74A52056EC2400FD679B /* PBXContainerItemProxy */ = {
			isa = PBXContainerItemProxy;
			containerPortal = OBJ_1 /* Project object */;
			proxyType = 1;
			remoteGlobalIDString = "Nimble::Nimble";
			remoteInfo = Nimble;
		};
		3A8A74A62056EC2400FD679B /* PBXContainerItemProxy */ = {
			isa = PBXContainerItemProxy;
			containerPortal = OBJ_1 /* Project object */;
			proxyType = 1;
			remoteGlobalIDString = "Quick::Quick";
			remoteInfo = Quick;
		};
		3A8A74A72056EC2400FD679B /* PBXContainerItemProxy */ = {
			isa = PBXContainerItemProxy;
			containerPortal = OBJ_1 /* Project object */;
			proxyType = 1;
			remoteGlobalIDString = "Quick::QuickSpecBase";
			remoteInfo = QuickSpecBase;
		};
		3A8A74A82056EC2400FD679B /* PBXContainerItemProxy */ = {
			isa = PBXContainerItemProxy;
			containerPortal = OBJ_1 /* Project object */;
			proxyType = 1;
			remoteGlobalIDString = "Quick::QuickSpecBase";
			remoteInfo = QuickSpecBase;
		};
		3A8A74A92056EC2400FD679B /* PBXContainerItemProxy */ = {
			isa = PBXContainerItemProxy;
			containerPortal = OBJ_1 /* Project object */;
			proxyType = 1;
			remoteGlobalIDString = "Atlas::Atlas";
			remoteInfo = Atlas;
		};
		3A8A74AA2056EC2400FD679B /* PBXContainerItemProxy */ = {
			isa = PBXContainerItemProxy;
			containerPortal = OBJ_1 /* Project object */;
			proxyType = 1;
			remoteGlobalIDString = "AtlasCore::AtlasCore";
			remoteInfo = AtlasCore;
		};
		3A8A74AB2056EC2400FD679B /* PBXContainerItemProxy */ = {
			isa = PBXContainerItemProxy;
			containerPortal = OBJ_1 /* Project object */;
			proxyType = 1;
			remoteGlobalIDString = "SwiftCLI::SwiftCLI";
			remoteInfo = SwiftCLI;
		};
		3A8A74AC2056EC2500FD679B /* PBXContainerItemProxy */ = {
			isa = PBXContainerItemProxy;
			containerPortal = OBJ_1 /* Project object */;
			proxyType = 1;
			remoteGlobalIDString = "Atlas::AtlasTests";
			remoteInfo = AtlasTests;
		};
/* End PBXContainerItemProxy section */

/* Begin PBXFileReference section */
		"Atlas::Atlas::Product" /* Atlas */ = {isa = PBXFileReference; lastKnownFileType = text; path = Atlas; sourceTree = BUILT_PRODUCTS_DIR; };
		"Atlas::AtlasTests::Product" /* AtlasTests.xctest */ = {isa = PBXFileReference; lastKnownFileType = file; path = AtlasTests.xctest; sourceTree = BUILT_PRODUCTS_DIR; };
		"AtlasCore::AtlasCore::Product" /* AtlasCore.framework */ = {isa = PBXFileReference; explicitFileType = wrapper.framework; path = AtlasCore.framework; sourceTree = BUILT_PRODUCTS_DIR; };
		"Nimble::Nimble::Product" /* Nimble.framework */ = {isa = PBXFileReference; explicitFileType = wrapper.framework; path = Nimble.framework; sourceTree = BUILT_PRODUCTS_DIR; };
		OBJ_100 /* Expression.swift */ = {isa = PBXFileReference; lastKnownFileType = sourcecode.swift; path = Expression.swift; sourceTree = "<group>"; };
		OBJ_101 /* FailureMessage.swift */ = {isa = PBXFileReference; lastKnownFileType = sourcecode.swift; path = FailureMessage.swift; sourceTree = "<group>"; };
		OBJ_103 /* AllPass.swift */ = {isa = PBXFileReference; lastKnownFileType = sourcecode.swift; path = AllPass.swift; sourceTree = "<group>"; };
		OBJ_104 /* AsyncMatcherWrapper.swift */ = {isa = PBXFileReference; lastKnownFileType = sourcecode.swift; path = AsyncMatcherWrapper.swift; sourceTree = "<group>"; };
		OBJ_105 /* BeAKindOf.swift */ = {isa = PBXFileReference; lastKnownFileType = sourcecode.swift; path = BeAKindOf.swift; sourceTree = "<group>"; };
		OBJ_106 /* BeAnInstanceOf.swift */ = {isa = PBXFileReference; lastKnownFileType = sourcecode.swift; path = BeAnInstanceOf.swift; sourceTree = "<group>"; };
		OBJ_107 /* BeCloseTo.swift */ = {isa = PBXFileReference; lastKnownFileType = sourcecode.swift; path = BeCloseTo.swift; sourceTree = "<group>"; };
		OBJ_108 /* BeEmpty.swift */ = {isa = PBXFileReference; lastKnownFileType = sourcecode.swift; path = BeEmpty.swift; sourceTree = "<group>"; };
		OBJ_109 /* BeGreaterThan.swift */ = {isa = PBXFileReference; lastKnownFileType = sourcecode.swift; path = BeGreaterThan.swift; sourceTree = "<group>"; };
		OBJ_11 /* AtlasInput.swift */ = {isa = PBXFileReference; lastKnownFileType = sourcecode.swift; path = AtlasInput.swift; sourceTree = "<group>"; };
		OBJ_110 /* BeGreaterThanOrEqualTo.swift */ = {isa = PBXFileReference; lastKnownFileType = sourcecode.swift; path = BeGreaterThanOrEqualTo.swift; sourceTree = "<group>"; };
		OBJ_111 /* BeIdenticalTo.swift */ = {isa = PBXFileReference; lastKnownFileType = sourcecode.swift; path = BeIdenticalTo.swift; sourceTree = "<group>"; };
		OBJ_112 /* BeLessThan.swift */ = {isa = PBXFileReference; lastKnownFileType = sourcecode.swift; path = BeLessThan.swift; sourceTree = "<group>"; };
		OBJ_113 /* BeLessThanOrEqual.swift */ = {isa = PBXFileReference; lastKnownFileType = sourcecode.swift; path = BeLessThanOrEqual.swift; sourceTree = "<group>"; };
		OBJ_114 /* BeLogical.swift */ = {isa = PBXFileReference; lastKnownFileType = sourcecode.swift; path = BeLogical.swift; sourceTree = "<group>"; };
		OBJ_115 /* BeNil.swift */ = {isa = PBXFileReference; lastKnownFileType = sourcecode.swift; path = BeNil.swift; sourceTree = "<group>"; };
		OBJ_116 /* BeVoid.swift */ = {isa = PBXFileReference; lastKnownFileType = sourcecode.swift; path = BeVoid.swift; sourceTree = "<group>"; };
		OBJ_117 /* BeginWith.swift */ = {isa = PBXFileReference; lastKnownFileType = sourcecode.swift; path = BeginWith.swift; sourceTree = "<group>"; };
		OBJ_118 /* Contain.swift */ = {isa = PBXFileReference; lastKnownFileType = sourcecode.swift; path = Contain.swift; sourceTree = "<group>"; };
		OBJ_119 /* ContainElementSatisfying.swift */ = {isa = PBXFileReference; lastKnownFileType = sourcecode.swift; path = ContainElementSatisfying.swift; sourceTree = "<group>"; };
		OBJ_12 /* CommitCommand.swift */ = {isa = PBXFileReference; lastKnownFileType = sourcecode.swift; path = CommitCommand.swift; sourceTree = "<group>"; };
		OBJ_120 /* EndWith.swift */ = {isa = PBXFileReference; lastKnownFileType = sourcecode.swift; path = EndWith.swift; sourceTree = "<group>"; };
		OBJ_121 /* Equal.swift */ = {isa = PBXFileReference; lastKnownFileType = sourcecode.swift; path = Equal.swift; sourceTree = "<group>"; };
		OBJ_122 /* HaveCount.swift */ = {isa = PBXFileReference; lastKnownFileType = sourcecode.swift; path = HaveCount.swift; sourceTree = "<group>"; };
		OBJ_123 /* Match.swift */ = {isa = PBXFileReference; lastKnownFileType = sourcecode.swift; path = Match.swift; sourceTree = "<group>"; };
		OBJ_124 /* MatchError.swift */ = {isa = PBXFileReference; lastKnownFileType = sourcecode.swift; path = MatchError.swift; sourceTree = "<group>"; };
		OBJ_125 /* MatcherFunc.swift */ = {isa = PBXFileReference; lastKnownFileType = sourcecode.swift; path = MatcherFunc.swift; sourceTree = "<group>"; };
		OBJ_126 /* MatcherProtocols.swift */ = {isa = PBXFileReference; lastKnownFileType = sourcecode.swift; path = MatcherProtocols.swift; sourceTree = "<group>"; };
		OBJ_127 /* PostNotification.swift */ = {isa = PBXFileReference; lastKnownFileType = sourcecode.swift; path = PostNotification.swift; sourceTree = "<group>"; };
		OBJ_128 /* Predicate.swift */ = {isa = PBXFileReference; lastKnownFileType = sourcecode.swift; path = Predicate.swift; sourceTree = "<group>"; };
		OBJ_129 /* RaisesException.swift */ = {isa = PBXFileReference; lastKnownFileType = sourcecode.swift; path = RaisesException.swift; sourceTree = "<group>"; };
		OBJ_13 /* ImportCommand.swift */ = {isa = PBXFileReference; lastKnownFileType = sourcecode.swift; path = ImportCommand.swift; sourceTree = "<group>"; };
		OBJ_130 /* SatisfyAnyOf.swift */ = {isa = PBXFileReference; lastKnownFileType = sourcecode.swift; path = SatisfyAnyOf.swift; sourceTree = "<group>"; };
		OBJ_131 /* ThrowAssertion.swift */ = {isa = PBXFileReference; lastKnownFileType = sourcecode.swift; path = ThrowAssertion.swift; sourceTree = "<group>"; };
		OBJ_132 /* ThrowError.swift */ = {isa = PBXFileReference; lastKnownFileType = sourcecode.swift; path = ThrowError.swift; sourceTree = "<group>"; };
		OBJ_133 /* ToSucceed.swift */ = {isa = PBXFileReference; lastKnownFileType = sourcecode.swift; path = ToSucceed.swift; sourceTree = "<group>"; };
		OBJ_135 /* Async.swift */ = {isa = PBXFileReference; lastKnownFileType = sourcecode.swift; path = Async.swift; sourceTree = "<group>"; };
		OBJ_136 /* Errors.swift */ = {isa = PBXFileReference; lastKnownFileType = sourcecode.swift; path = Errors.swift; sourceTree = "<group>"; };
		OBJ_137 /* Functional.swift */ = {isa = PBXFileReference; lastKnownFileType = sourcecode.swift; path = Functional.swift; sourceTree = "<group>"; };
		OBJ_138 /* SourceLocation.swift */ = {isa = PBXFileReference; lastKnownFileType = sourcecode.swift; path = SourceLocation.swift; sourceTree = "<group>"; };
		OBJ_139 /* Stringers.swift */ = {isa = PBXFileReference; lastKnownFileType = sourcecode.swift; path = Stringers.swift; sourceTree = "<group>"; };
		OBJ_14 /* InfoCommand.swift */ = {isa = PBXFileReference; lastKnownFileType = sourcecode.swift; path = InfoCommand.swift; sourceTree = "<group>"; };
		OBJ_140 /* Package.swift */ = {isa = PBXFileReference; explicitFileType = sourcecode.swift; name = Package.swift; path = "/Users/jcosulich/workspace/Atlas/.build/checkouts/Nimble.git-1225162792785459507/Package.swift"; sourceTree = "<group>"; };
		OBJ_143 /* ArgumentList.swift */ = {isa = PBXFileReference; lastKnownFileType = sourcecode.swift; path = ArgumentList.swift; sourceTree = "<group>"; };
		OBJ_144 /* ArgumentListManipulator.swift */ = {isa = PBXFileReference; lastKnownFileType = sourcecode.swift; path = ArgumentListManipulator.swift; sourceTree = "<group>"; };
		OBJ_145 /* CLI-deprecated.swift */ = {isa = PBXFileReference; lastKnownFileType = sourcecode.swift; path = "CLI-deprecated.swift"; sourceTree = "<group>"; };
		OBJ_146 /* CLI.swift */ = {isa = PBXFileReference; lastKnownFileType = sourcecode.swift; path = CLI.swift; sourceTree = "<group>"; };
		OBJ_147 /* ChainableCommand.swift */ = {isa = PBXFileReference; lastKnownFileType = sourcecode.swift; path = ChainableCommand.swift; sourceTree = "<group>"; };
		OBJ_148 /* Command.swift */ = {isa = PBXFileReference; lastKnownFileType = sourcecode.swift; path = Command.swift; sourceTree = "<group>"; };
		OBJ_149 /* CommandSignature.swift */ = {isa = PBXFileReference; lastKnownFileType = sourcecode.swift; path = CommandSignature.swift; sourceTree = "<group>"; };
		OBJ_15 /* LogCommand.swift */ = {isa = PBXFileReference; lastKnownFileType = sourcecode.swift; path = LogCommand.swift; sourceTree = "<group>"; };
		OBJ_150 /* CompletionGenerator.swift */ = {isa = PBXFileReference; lastKnownFileType = sourcecode.swift; path = CompletionGenerator.swift; sourceTree = "<group>"; };
		OBJ_151 /* Error.swift */ = {isa = PBXFileReference; lastKnownFileType = sourcecode.swift; path = Error.swift; sourceTree = "<group>"; };
		OBJ_152 /* GlobalOptions.swift */ = {isa = PBXFileReference; lastKnownFileType = sourcecode.swift; path = GlobalOptions.swift; sourceTree = "<group>"; };
		OBJ_153 /* HelpCommand.swift */ = {isa = PBXFileReference; lastKnownFileType = sourcecode.swift; path = HelpCommand.swift; sourceTree = "<group>"; };
		OBJ_154 /* HelpMessageGenerator.swift */ = {isa = PBXFileReference; lastKnownFileType = sourcecode.swift; path = HelpMessageGenerator.swift; sourceTree = "<group>"; };
		OBJ_155 /* Input.swift */ = {isa = PBXFileReference; lastKnownFileType = sourcecode.swift; path = Input.swift; sourceTree = "<group>"; };
		OBJ_156 /* LightweightCommand.swift */ = {isa = PBXFileReference; lastKnownFileType = sourcecode.swift; path = LightweightCommand.swift; sourceTree = "<group>"; };
		OBJ_157 /* Option.swift */ = {isa = PBXFileReference; lastKnownFileType = sourcecode.swift; path = Option.swift; sourceTree = "<group>"; };
		OBJ_158 /* OptionGroup.swift */ = {isa = PBXFileReference; lastKnownFileType = sourcecode.swift; path = OptionGroup.swift; sourceTree = "<group>"; };
		OBJ_159 /* OptionRecognizer.swift */ = {isa = PBXFileReference; lastKnownFileType = sourcecode.swift; path = OptionRecognizer.swift; sourceTree = "<group>"; };
		OBJ_16 /* LoginCommand.swift */ = {isa = PBXFileReference; lastKnownFileType = sourcecode.swift; path = LoginCommand.swift; sourceTree = "<group>"; };
		OBJ_160 /* OptionRegistry.swift */ = {isa = PBXFileReference; lastKnownFileType = sourcecode.swift; path = OptionRegistry.swift; sourceTree = "<group>"; };
		OBJ_161 /* Output.swift */ = {isa = PBXFileReference; lastKnownFileType = sourcecode.swift; path = Output.swift; sourceTree = "<group>"; };
		OBJ_162 /* OutputByteStream.swift */ = {isa = PBXFileReference; lastKnownFileType = sourcecode.swift; path = OutputByteStream.swift; sourceTree = "<group>"; };
		OBJ_163 /* Parameter.swift */ = {isa = PBXFileReference; lastKnownFileType = sourcecode.swift; path = Parameter.swift; sourceTree = "<group>"; };
		OBJ_164 /* ParameterFiller.swift */ = {isa = PBXFileReference; lastKnownFileType = sourcecode.swift; path = ParameterFiller.swift; sourceTree = "<group>"; };
		OBJ_165 /* Router.swift */ = {isa = PBXFileReference; lastKnownFileType = sourcecode.swift; path = Router.swift; sourceTree = "<group>"; };
		OBJ_166 /* Term.swift */ = {isa = PBXFileReference; lastKnownFileType = sourcecode.swift; path = Term.swift; sourceTree = "<group>"; };
		OBJ_167 /* VersionCommand.swift */ = {isa = PBXFileReference; lastKnownFileType = sourcecode.swift; path = VersionCommand.swift; sourceTree = "<group>"; };
		OBJ_168 /* Package.swift */ = {isa = PBXFileReference; explicitFileType = sourcecode.swift; name = Package.swift; path = "/Users/jcosulich/workspace/Atlas/.build/checkouts/SwiftCLI-8466703425035036135/Package.swift"; sourceTree = "<group>"; };
		OBJ_17 /* LogoutCommand.swift */ = {isa = PBXFileReference; lastKnownFileType = sourcecode.swift; path = LogoutCommand.swift; sourceTree = "<group>"; };
		OBJ_18 /* StageCommand.swift */ = {isa = PBXFileReference; lastKnownFileType = sourcecode.swift; path = StageCommand.swift; sourceTree = "<group>"; };
		OBJ_19 /* StagedCommand.swift */ = {isa = PBXFileReference; lastKnownFileType = sourcecode.swift; path = StagedCommand.swift; sourceTree = "<group>"; };
		OBJ_20 /* StartProjectCommand.swift */ = {isa = PBXFileReference; lastKnownFileType = sourcecode.swift; path = StartProjectCommand.swift; sourceTree = "<group>"; };
		OBJ_21 /* StatusCommand.swift */ = {isa = PBXFileReference; lastKnownFileType = sourcecode.swift; path = StatusCommand.swift; sourceTree = "<group>"; };
		OBJ_22 /* UnstageCommand.swift */ = {isa = PBXFileReference; lastKnownFileType = sourcecode.swift; path = UnstageCommand.swift; sourceTree = "<group>"; };
		OBJ_23 /* UnstagedCommand.swift */ = {isa = PBXFileReference; lastKnownFileType = sourcecode.swift; path = UnstagedCommand.swift; sourceTree = "<group>"; };
		OBJ_24 /* main.swift */ = {isa = PBXFileReference; lastKnownFileType = sourcecode.swift; path = main.swift; sourceTree = "<group>"; };
		OBJ_27 /* CommitCommandSpec.swift */ = {isa = PBXFileReference; lastKnownFileType = sourcecode.swift; path = CommitCommandSpec.swift; sourceTree = "<group>"; };
		OBJ_28 /* Helper.swift */ = {isa = PBXFileReference; lastKnownFileType = sourcecode.swift; path = Helper.swift; sourceTree = "<group>"; };
		OBJ_29 /* ImportCommandSpec.swift */ = {isa = PBXFileReference; lastKnownFileType = sourcecode.swift; path = ImportCommandSpec.swift; sourceTree = "<group>"; };
		OBJ_30 /* LogCommandSpec.swift */ = {isa = PBXFileReference; lastKnownFileType = sourcecode.swift; path = LogCommandSpec.swift; sourceTree = "<group>"; };
		OBJ_31 /* LoginCommandSpec.swift */ = {isa = PBXFileReference; lastKnownFileType = sourcecode.swift; path = LoginCommandSpec.swift; sourceTree = "<group>"; };
		OBJ_32 /* LogoutCommandSpec.swift */ = {isa = PBXFileReference; lastKnownFileType = sourcecode.swift; path = LogoutCommandSpec.swift; sourceTree = "<group>"; };
		OBJ_33 /* StageCommandSpec.swift */ = {isa = PBXFileReference; lastKnownFileType = sourcecode.swift; path = StageCommandSpec.swift; sourceTree = "<group>"; };
		OBJ_34 /* StartProjectCommandSpec.swift */ = {isa = PBXFileReference; lastKnownFileType = sourcecode.swift; path = StartProjectCommandSpec.swift; sourceTree = "<group>"; };
		OBJ_35 /* UnstageCommandSpec.swift */ = {isa = PBXFileReference; lastKnownFileType = sourcecode.swift; path = UnstageCommandSpec.swift; sourceTree = "<group>"; };
		OBJ_36 /* AtlasAppUITests */ = {isa = PBXFileReference; lastKnownFileType = folder; path = AtlasAppUITests; sourceTree = SOURCE_ROOT; };
		OBJ_37 /* AtlasApp */ = {isa = PBXFileReference; lastKnownFileType = folder; path = AtlasApp; sourceTree = SOURCE_ROOT; };
		OBJ_41 /* AtlasCore.swift */ = {isa = PBXFileReference; lastKnownFileType = sourcecode.swift; path = AtlasCore.swift; sourceTree = "<group>"; };
		OBJ_42 /* AtlasProcess.swift */ = {isa = PBXFileReference; lastKnownFileType = sourcecode.swift; path = AtlasProcess.swift; sourceTree = "<group>"; };
		OBJ_43 /* Credentials.swift */ = {isa = PBXFileReference; lastKnownFileType = sourcecode.swift; path = Credentials.swift; sourceTree = "<group>"; };
		OBJ_44 /* FileSystem.swift */ = {isa = PBXFileReference; lastKnownFileType = sourcecode.swift; path = FileSystem.swift; sourceTree = "<group>"; };
		OBJ_45 /* Git.swift */ = {isa = PBXFileReference; lastKnownFileType = sourcecode.swift; path = Git.swift; sourceTree = "<group>"; };
		OBJ_46 /* GitHub.swift */ = {isa = PBXFileReference; lastKnownFileType = sourcecode.swift; path = GitHub.swift; sourceTree = "<group>"; };
		OBJ_47 /* Glue.swift */ = {isa = PBXFileReference; lastKnownFileType = sourcecode.swift; path = Glue.swift; sourceTree = "<group>"; };
		OBJ_48 /* Project.swift */ = {isa = PBXFileReference; lastKnownFileType = sourcecode.swift; path = Project.swift; sourceTree = "<group>"; };
		OBJ_49 /* Package.swift */ = {isa = PBXFileReference; explicitFileType = sourcecode.swift; name = Package.swift; path = "/Users/jcosulich/workspace/Atlas/.build/checkouts/AtlasCore.git-6262522149726209995/Package.swift"; sourceTree = "<group>"; };
		OBJ_52 /* QuickSpecBase.m */ = {isa = PBXFileReference; lastKnownFileType = sourcecode.c.objc; path = QuickSpecBase.m; sourceTree = "<group>"; };
		OBJ_54 /* QuickSpecBase.h */ = {isa = PBXFileReference; lastKnownFileType = sourcecode.c.h; path = QuickSpecBase.h; sourceTree = "<group>"; };
		OBJ_55 /* module.modulemap */ = {isa = PBXFileReference; lastKnownFileType = "sourcecode.module-map"; name = module.modulemap; path = /Users/jcosulich/workspace/Atlas/Atlas.xcodeproj/GeneratedModuleMap/QuickSpecBase/module.modulemap; sourceTree = "<group>"; };
		OBJ_57 /* Behavior.swift */ = {isa = PBXFileReference; lastKnownFileType = sourcecode.swift; path = Behavior.swift; sourceTree = "<group>"; };
		OBJ_58 /* Callsite.swift */ = {isa = PBXFileReference; lastKnownFileType = sourcecode.swift; path = Callsite.swift; sourceTree = "<group>"; };
		OBJ_6 /* Package.swift */ = {isa = PBXFileReference; explicitFileType = sourcecode.swift; path = Package.swift; sourceTree = "<group>"; };
		OBJ_60 /* Configuration.swift */ = {isa = PBXFileReference; lastKnownFileType = sourcecode.swift; path = Configuration.swift; sourceTree = "<group>"; };
		OBJ_61 /* QuickConfiguration.swift */ = {isa = PBXFileReference; lastKnownFileType = sourcecode.swift; path = QuickConfiguration.swift; sourceTree = "<group>"; };
		OBJ_63 /* DSL.swift */ = {isa = PBXFileReference; lastKnownFileType = sourcecode.swift; path = DSL.swift; sourceTree = "<group>"; };
		OBJ_64 /* World+DSL.swift */ = {isa = PBXFileReference; lastKnownFileType = sourcecode.swift; path = "World+DSL.swift"; sourceTree = "<group>"; };
		OBJ_65 /* ErrorUtility.swift */ = {isa = PBXFileReference; lastKnownFileType = sourcecode.swift; path = ErrorUtility.swift; sourceTree = "<group>"; };
		OBJ_66 /* Example.swift */ = {isa = PBXFileReference; lastKnownFileType = sourcecode.swift; path = Example.swift; sourceTree = "<group>"; };
		OBJ_67 /* ExampleGroup.swift */ = {isa = PBXFileReference; lastKnownFileType = sourcecode.swift; path = ExampleGroup.swift; sourceTree = "<group>"; };
		OBJ_68 /* ExampleMetadata.swift */ = {isa = PBXFileReference; lastKnownFileType = sourcecode.swift; path = ExampleMetadata.swift; sourceTree = "<group>"; };
		OBJ_69 /* Filter.swift */ = {isa = PBXFileReference; lastKnownFileType = sourcecode.swift; path = Filter.swift; sourceTree = "<group>"; };
		OBJ_71 /* Closures.swift */ = {isa = PBXFileReference; lastKnownFileType = sourcecode.swift; path = Closures.swift; sourceTree = "<group>"; };
		OBJ_72 /* ExampleHooks.swift */ = {isa = PBXFileReference; lastKnownFileType = sourcecode.swift; path = ExampleHooks.swift; sourceTree = "<group>"; };
		OBJ_73 /* HooksPhase.swift */ = {isa = PBXFileReference; lastKnownFileType = sourcecode.swift; path = HooksPhase.swift; sourceTree = "<group>"; };
		OBJ_74 /* SuiteHooks.swift */ = {isa = PBXFileReference; lastKnownFileType = sourcecode.swift; path = SuiteHooks.swift; sourceTree = "<group>"; };
		OBJ_75 /* NSBundle+CurrentTestBundle.swift */ = {isa = PBXFileReference; lastKnownFileType = sourcecode.swift; path = "NSBundle+CurrentTestBundle.swift"; sourceTree = "<group>"; };
		OBJ_76 /* NSString+C99ExtendedIdentifier.swift */ = {isa = PBXFileReference; lastKnownFileType = sourcecode.swift; path = "NSString+C99ExtendedIdentifier.swift"; sourceTree = "<group>"; };
		OBJ_77 /* QuickMain.swift */ = {isa = PBXFileReference; lastKnownFileType = sourcecode.swift; path = QuickMain.swift; sourceTree = "<group>"; };
		OBJ_78 /* QuickSelectedTestSuiteBuilder.swift */ = {isa = PBXFileReference; lastKnownFileType = sourcecode.swift; path = QuickSelectedTestSuiteBuilder.swift; sourceTree = "<group>"; };
		OBJ_79 /* QuickSpec.swift */ = {isa = PBXFileReference; lastKnownFileType = sourcecode.swift; path = QuickSpec.swift; sourceTree = "<group>"; };
		OBJ_8 /* settings.xcconfig */ = {isa = PBXFileReference; lastKnownFileType = text.xcconfig; path = settings.xcconfig; sourceTree = "<group>"; };
		OBJ_80 /* QuickTestSuite.swift */ = {isa = PBXFileReference; lastKnownFileType = sourcecode.swift; path = QuickTestSuite.swift; sourceTree = "<group>"; };
		OBJ_81 /* URL+FileName.swift */ = {isa = PBXFileReference; lastKnownFileType = sourcecode.swift; path = "URL+FileName.swift"; sourceTree = "<group>"; };
		OBJ_82 /* World.swift */ = {isa = PBXFileReference; lastKnownFileType = sourcecode.swift; path = World.swift; sourceTree = "<group>"; };
		OBJ_83 /* Package.swift */ = {isa = PBXFileReference; explicitFileType = sourcecode.swift; name = Package.swift; path = "/Users/jcosulich/workspace/Atlas/.build/checkouts/Quick.git-2733117082000052066/Package.swift"; sourceTree = "<group>"; };
		OBJ_87 /* AdapterProtocols.swift */ = {isa = PBXFileReference; lastKnownFileType = sourcecode.swift; path = AdapterProtocols.swift; sourceTree = "<group>"; };
		OBJ_88 /* AssertionDispatcher.swift */ = {isa = PBXFileReference; lastKnownFileType = sourcecode.swift; path = AssertionDispatcher.swift; sourceTree = "<group>"; };
		OBJ_89 /* AssertionRecorder.swift */ = {isa = PBXFileReference; lastKnownFileType = sourcecode.swift; path = AssertionRecorder.swift; sourceTree = "<group>"; };
		OBJ_90 /* NMBExpectation.swift */ = {isa = PBXFileReference; lastKnownFileType = sourcecode.swift; path = NMBExpectation.swift; sourceTree = "<group>"; };
		OBJ_91 /* NMBObjCMatcher.swift */ = {isa = PBXFileReference; lastKnownFileType = sourcecode.swift; path = NMBObjCMatcher.swift; sourceTree = "<group>"; };
		OBJ_92 /* NimbleEnvironment.swift */ = {isa = PBXFileReference; lastKnownFileType = sourcecode.swift; path = NimbleEnvironment.swift; sourceTree = "<group>"; };
		OBJ_93 /* NimbleXCTestHandler.swift */ = {isa = PBXFileReference; lastKnownFileType = sourcecode.swift; path = NimbleXCTestHandler.swift; sourceTree = "<group>"; };
		OBJ_95 /* ExceptionCapture.swift */ = {isa = PBXFileReference; lastKnownFileType = sourcecode.swift; path = ExceptionCapture.swift; sourceTree = "<group>"; };
		OBJ_96 /* DSL+Wait.swift */ = {isa = PBXFileReference; lastKnownFileType = sourcecode.swift; path = "DSL+Wait.swift"; sourceTree = "<group>"; };
		OBJ_97 /* DSL.swift */ = {isa = PBXFileReference; lastKnownFileType = sourcecode.swift; path = DSL.swift; sourceTree = "<group>"; };
		OBJ_98 /* Expectation.swift */ = {isa = PBXFileReference; lastKnownFileType = sourcecode.swift; path = Expectation.swift; sourceTree = "<group>"; };
		OBJ_99 /* ExpectationMessage.swift */ = {isa = PBXFileReference; lastKnownFileType = sourcecode.swift; path = ExpectationMessage.swift; sourceTree = "<group>"; };
		"Quick::Quick::Product" /* Quick.framework */ = {isa = PBXFileReference; explicitFileType = wrapper.framework; path = Quick.framework; sourceTree = BUILT_PRODUCTS_DIR; };
		"Quick::QuickSpecBase::Product" /* QuickSpecBase.framework */ = {isa = PBXFileReference; explicitFileType = wrapper.framework; path = QuickSpecBase.framework; sourceTree = BUILT_PRODUCTS_DIR; };
		"SwiftCLI::SwiftCLI::Product" /* SwiftCLI.framework */ = {isa = PBXFileReference; explicitFileType = wrapper.framework; path = SwiftCLI.framework; sourceTree = BUILT_PRODUCTS_DIR; };
/* End PBXFileReference section */

/* Begin PBXFrameworksBuildPhase section */
		OBJ_221 /* Frameworks */ = {
			isa = PBXFrameworksBuildPhase;
			buildActionMask = 0;
			files = (
				OBJ_222 /* Nimble.framework in Frameworks */,
				OBJ_223 /* Quick.framework in Frameworks */,
				OBJ_224 /* QuickSpecBase.framework in Frameworks */,
				OBJ_225 /* AtlasCore.framework in Frameworks */,
				OBJ_226 /* SwiftCLI.framework in Frameworks */,
			);
			runOnlyForDeploymentPostprocessing = 0;
		};
		OBJ_293 /* Frameworks */ = {
			isa = PBXFrameworksBuildPhase;
			buildActionMask = 0;
			files = (
			);
			runOnlyForDeploymentPostprocessing = 0;
		};
		OBJ_321 /* Frameworks */ = {
			isa = PBXFrameworksBuildPhase;
			buildActionMask = 0;
			files = (
				OBJ_322 /* QuickSpecBase.framework in Frameworks */,
			);
			runOnlyForDeploymentPostprocessing = 0;
		};
		OBJ_329 /* Frameworks */ = {
			isa = PBXFrameworksBuildPhase;
			buildActionMask = 0;
			files = (
			);
			runOnlyForDeploymentPostprocessing = 0;
		};
		OBJ_348 /* Frameworks */ = {
			isa = PBXFrameworksBuildPhase;
			buildActionMask = 0;
			files = (
				OBJ_349 /* AtlasCore.framework in Frameworks */,
				OBJ_350 /* SwiftCLI.framework in Frameworks */,
			);
			runOnlyForDeploymentPostprocessing = 0;
		};
		OBJ_365 /* Frameworks */ = {
			isa = PBXFrameworksBuildPhase;
			buildActionMask = 0;
			files = (
			);
			runOnlyForDeploymentPostprocessing = 0;
		};
		OBJ_395 /* Frameworks */ = {
			isa = PBXFrameworksBuildPhase;
			buildActionMask = 0;
			files = (
			);
			runOnlyForDeploymentPostprocessing = 0;
		};
/* End PBXFrameworksBuildPhase section */

/* Begin PBXGroup section */
		OBJ_10 /* Atlas */ = {
			isa = PBXGroup;
			children = (
				OBJ_11 /* AtlasInput.swift */,
				OBJ_12 /* CommitCommand.swift */,
				OBJ_13 /* ImportCommand.swift */,
				OBJ_14 /* InfoCommand.swift */,
				OBJ_15 /* LogCommand.swift */,
				OBJ_16 /* LoginCommand.swift */,
				OBJ_17 /* LogoutCommand.swift */,
				OBJ_18 /* StageCommand.swift */,
				OBJ_19 /* StagedCommand.swift */,
				OBJ_20 /* StartProjectCommand.swift */,
				OBJ_21 /* StatusCommand.swift */,
				OBJ_22 /* UnstageCommand.swift */,
				OBJ_23 /* UnstagedCommand.swift */,
				OBJ_24 /* main.swift */,
			);
			name = Atlas;
			path = Sources/Atlas;
			sourceTree = SOURCE_ROOT;
		};
		OBJ_102 /* Matchers */ = {
			isa = PBXGroup;
			children = (
				OBJ_103 /* AllPass.swift */,
				OBJ_104 /* AsyncMatcherWrapper.swift */,
				OBJ_105 /* BeAKindOf.swift */,
				OBJ_106 /* BeAnInstanceOf.swift */,
				OBJ_107 /* BeCloseTo.swift */,
				OBJ_108 /* BeEmpty.swift */,
				OBJ_109 /* BeGreaterThan.swift */,
				OBJ_110 /* BeGreaterThanOrEqualTo.swift */,
				OBJ_111 /* BeIdenticalTo.swift */,
				OBJ_112 /* BeLessThan.swift */,
				OBJ_113 /* BeLessThanOrEqual.swift */,
				OBJ_114 /* BeLogical.swift */,
				OBJ_115 /* BeNil.swift */,
				OBJ_116 /* BeVoid.swift */,
				OBJ_117 /* BeginWith.swift */,
				OBJ_118 /* Contain.swift */,
				OBJ_119 /* ContainElementSatisfying.swift */,
				OBJ_120 /* EndWith.swift */,
				OBJ_121 /* Equal.swift */,
				OBJ_122 /* HaveCount.swift */,
				OBJ_123 /* Match.swift */,
				OBJ_124 /* MatchError.swift */,
				OBJ_125 /* MatcherFunc.swift */,
				OBJ_126 /* MatcherProtocols.swift */,
				OBJ_127 /* PostNotification.swift */,
				OBJ_128 /* Predicate.swift */,
				OBJ_129 /* RaisesException.swift */,
				OBJ_130 /* SatisfyAnyOf.swift */,
				OBJ_131 /* ThrowAssertion.swift */,
				OBJ_132 /* ThrowError.swift */,
				OBJ_133 /* ToSucceed.swift */,
			);
			path = Matchers;
			sourceTree = "<group>";
		};
		OBJ_134 /* Utils */ = {
			isa = PBXGroup;
			children = (
				OBJ_135 /* Async.swift */,
				OBJ_136 /* Errors.swift */,
				OBJ_137 /* Functional.swift */,
				OBJ_138 /* SourceLocation.swift */,
				OBJ_139 /* Stringers.swift */,
			);
			path = Utils;
			sourceTree = "<group>";
		};
		OBJ_141 /* SwiftCLI 4.0.3 */ = {
			isa = PBXGroup;
			children = (
				OBJ_142 /* SwiftCLI */,
				OBJ_168 /* Package.swift */,
			);
			name = "SwiftCLI 4.0.3";
			sourceTree = SOURCE_ROOT;
		};
		OBJ_142 /* SwiftCLI */ = {
			isa = PBXGroup;
			children = (
				OBJ_143 /* ArgumentList.swift */,
				OBJ_144 /* ArgumentListManipulator.swift */,
				OBJ_145 /* CLI-deprecated.swift */,
				OBJ_146 /* CLI.swift */,
				OBJ_147 /* ChainableCommand.swift */,
				OBJ_148 /* Command.swift */,
				OBJ_149 /* CommandSignature.swift */,
				OBJ_150 /* CompletionGenerator.swift */,
				OBJ_151 /* Error.swift */,
				OBJ_152 /* GlobalOptions.swift */,
				OBJ_153 /* HelpCommand.swift */,
				OBJ_154 /* HelpMessageGenerator.swift */,
				OBJ_155 /* Input.swift */,
				OBJ_156 /* LightweightCommand.swift */,
				OBJ_157 /* Option.swift */,
				OBJ_158 /* OptionGroup.swift */,
				OBJ_159 /* OptionRecognizer.swift */,
				OBJ_160 /* OptionRegistry.swift */,
				OBJ_161 /* Output.swift */,
				OBJ_162 /* OutputByteStream.swift */,
				OBJ_163 /* Parameter.swift */,
				OBJ_164 /* ParameterFiller.swift */,
				OBJ_165 /* Router.swift */,
				OBJ_166 /* Term.swift */,
				OBJ_167 /* VersionCommand.swift */,
			);
			name = SwiftCLI;
			path = ".build/checkouts/SwiftCLI-8466703425035036135/Sources/SwiftCLI";
			sourceTree = SOURCE_ROOT;
		};
		OBJ_169 /* Products */ = {
			isa = PBXGroup;
			children = (
				"Atlas::AtlasTests::Product" /* AtlasTests.xctest */,
				"Nimble::Nimble::Product" /* Nimble.framework */,
				"Quick::Quick::Product" /* Quick.framework */,
				"Quick::QuickSpecBase::Product" /* QuickSpecBase.framework */,
				"Atlas::Atlas::Product" /* Atlas */,
				"AtlasCore::AtlasCore::Product" /* AtlasCore.framework */,
				"SwiftCLI::SwiftCLI::Product" /* SwiftCLI.framework */,
			);
			name = Products;
			sourceTree = BUILT_PRODUCTS_DIR;
		};
		OBJ_25 /* Tests */ = {
			isa = PBXGroup;
			children = (
				OBJ_26 /* AtlasTests */,
			);
			name = Tests;
			sourceTree = SOURCE_ROOT;
		};
		OBJ_26 /* AtlasTests */ = {
			isa = PBXGroup;
			children = (
				OBJ_27 /* CommitCommandSpec.swift */,
				OBJ_28 /* Helper.swift */,
				OBJ_29 /* ImportCommandSpec.swift */,
				OBJ_30 /* LogCommandSpec.swift */,
				OBJ_31 /* LoginCommandSpec.swift */,
				OBJ_32 /* LogoutCommandSpec.swift */,
				OBJ_33 /* StageCommandSpec.swift */,
				OBJ_34 /* StartProjectCommandSpec.swift */,
				OBJ_35 /* UnstageCommandSpec.swift */,
			);
			name = AtlasTests;
			path = Tests/AtlasTests;
			sourceTree = SOURCE_ROOT;
		};
		OBJ_38 /* Dependencies */ = {
			isa = PBXGroup;
			children = (
				OBJ_39 /* AtlasCore 0.4.3 */,
				OBJ_50 /* Quick 1.2.0 */,
				OBJ_84 /* Nimble 7.0.3 */,
				OBJ_141 /* SwiftCLI 4.0.3 */,
			);
			name = Dependencies;
			sourceTree = "<group>";
		};
		OBJ_39 /* AtlasCore 0.4.3 */ = {
			isa = PBXGroup;
			children = (
				OBJ_40 /* AtlasCore */,
				OBJ_49 /* Package.swift */,
			);
			name = "AtlasCore 0.4.3";
			sourceTree = SOURCE_ROOT;
		};
		OBJ_40 /* AtlasCore */ = {
			isa = PBXGroup;
			children = (
				OBJ_41 /* AtlasCore.swift */,
				OBJ_42 /* AtlasProcess.swift */,
				OBJ_43 /* Credentials.swift */,
				OBJ_44 /* FileSystem.swift */,
				OBJ_45 /* Git.swift */,
				OBJ_46 /* GitHub.swift */,
				OBJ_47 /* Glue.swift */,
				OBJ_48 /* Project.swift */,
			);
			name = AtlasCore;
			path = ".build/checkouts/AtlasCore.git-6262522149726209995/Sources/AtlasCore";
			sourceTree = SOURCE_ROOT;
		};
		OBJ_5 /*  */ = {
			isa = PBXGroup;
			children = (
				OBJ_6 /* Package.swift */,
				OBJ_7 /* Configs */,
				OBJ_9 /* Sources */,
				OBJ_25 /* Tests */,
				OBJ_36 /* AtlasAppUITests */,
				OBJ_37 /* AtlasApp */,
				OBJ_38 /* Dependencies */,
				OBJ_169 /* Products */,
			);
			name = "";
			sourceTree = "<group>";
		};
		OBJ_50 /* Quick 1.2.0 */ = {
			isa = PBXGroup;
			children = (
				OBJ_51 /* QuickSpecBase */,
				OBJ_56 /* Quick */,
				OBJ_83 /* Package.swift */,
			);
			name = "Quick 1.2.0";
			sourceTree = SOURCE_ROOT;
		};
		OBJ_51 /* QuickSpecBase */ = {
			isa = PBXGroup;
			children = (
				OBJ_52 /* QuickSpecBase.m */,
				OBJ_53 /* include */,
			);
			name = QuickSpecBase;
			path = ".build/checkouts/Quick.git-2733117082000052066/Sources/QuickSpecBase";
			sourceTree = SOURCE_ROOT;
		};
		OBJ_53 /* include */ = {
			isa = PBXGroup;
			children = (
				OBJ_54 /* QuickSpecBase.h */,
				OBJ_55 /* module.modulemap */,
			);
			path = include;
			sourceTree = "<group>";
		};
		OBJ_56 /* Quick */ = {
			isa = PBXGroup;
			children = (
				OBJ_57 /* Behavior.swift */,
				OBJ_58 /* Callsite.swift */,
				OBJ_59 /* Configuration */,
				OBJ_62 /* DSL */,
				OBJ_65 /* ErrorUtility.swift */,
				OBJ_66 /* Example.swift */,
				OBJ_67 /* ExampleGroup.swift */,
				OBJ_68 /* ExampleMetadata.swift */,
				OBJ_69 /* Filter.swift */,
				OBJ_70 /* Hooks */,
				OBJ_75 /* NSBundle+CurrentTestBundle.swift */,
				OBJ_76 /* NSString+C99ExtendedIdentifier.swift */,
				OBJ_77 /* QuickMain.swift */,
				OBJ_78 /* QuickSelectedTestSuiteBuilder.swift */,
				OBJ_79 /* QuickSpec.swift */,
				OBJ_80 /* QuickTestSuite.swift */,
				OBJ_81 /* URL+FileName.swift */,
				OBJ_82 /* World.swift */,
			);
			name = Quick;
			path = ".build/checkouts/Quick.git-2733117082000052066/Sources/Quick";
			sourceTree = SOURCE_ROOT;
		};
		OBJ_59 /* Configuration */ = {
			isa = PBXGroup;
			children = (
				OBJ_60 /* Configuration.swift */,
				OBJ_61 /* QuickConfiguration.swift */,
			);
			path = Configuration;
			sourceTree = "<group>";
		};
		OBJ_62 /* DSL */ = {
			isa = PBXGroup;
			children = (
				OBJ_63 /* DSL.swift */,
				OBJ_64 /* World+DSL.swift */,
			);
			path = DSL;
			sourceTree = "<group>";
		};
		OBJ_7 /* Configs */ = {
			isa = PBXGroup;
			children = (
				OBJ_8 /* settings.xcconfig */,
			);
			name = Configs;
			sourceTree = "<group>";
		};
		OBJ_70 /* Hooks */ = {
			isa = PBXGroup;
			children = (
				OBJ_71 /* Closures.swift */,
				OBJ_72 /* ExampleHooks.swift */,
				OBJ_73 /* HooksPhase.swift */,
				OBJ_74 /* SuiteHooks.swift */,
			);
			path = Hooks;
			sourceTree = "<group>";
		};
		OBJ_84 /* Nimble 7.0.3 */ = {
			isa = PBXGroup;
			children = (
				OBJ_85 /* Nimble */,
				OBJ_140 /* Package.swift */,
			);
			name = "Nimble 7.0.3";
			sourceTree = SOURCE_ROOT;
		};
		OBJ_85 /* Nimble */ = {
			isa = PBXGroup;
			children = (
				OBJ_86 /* Adapters */,
				OBJ_96 /* DSL+Wait.swift */,
				OBJ_97 /* DSL.swift */,
				OBJ_98 /* Expectation.swift */,
				OBJ_99 /* ExpectationMessage.swift */,
				OBJ_100 /* Expression.swift */,
				OBJ_101 /* FailureMessage.swift */,
				OBJ_102 /* Matchers */,
				OBJ_134 /* Utils */,
			);
			name = Nimble;
			path = ".build/checkouts/Nimble.git-1225162792785459507/Sources/Nimble";
			sourceTree = SOURCE_ROOT;
		};
		OBJ_86 /* Adapters */ = {
			isa = PBXGroup;
			children = (
				OBJ_87 /* AdapterProtocols.swift */,
				OBJ_88 /* AssertionDispatcher.swift */,
				OBJ_89 /* AssertionRecorder.swift */,
				OBJ_90 /* NMBExpectation.swift */,
				OBJ_91 /* NMBObjCMatcher.swift */,
				OBJ_92 /* NimbleEnvironment.swift */,
				OBJ_93 /* NimbleXCTestHandler.swift */,
				OBJ_94 /* NonObjectiveC */,
			);
			path = Adapters;
			sourceTree = "<group>";
		};
		OBJ_9 /* Sources */ = {
			isa = PBXGroup;
			children = (
				OBJ_10 /* Atlas */,
			);
			name = Sources;
			sourceTree = SOURCE_ROOT;
		};
		OBJ_94 /* NonObjectiveC */ = {
			isa = PBXGroup;
			children = (
				OBJ_95 /* ExceptionCapture.swift */,
			);
			path = NonObjectiveC;
			sourceTree = "<group>";
		};
/* End PBXGroup section */

/* Begin PBXNativeTarget section */
		"Atlas::Atlas" /* Atlas */ = {
			isa = PBXNativeTarget;
			buildConfigurationList = OBJ_330 /* Build configuration list for PBXNativeTarget "Atlas" */;
			buildPhases = (
				OBJ_333 /* Sources */,
				OBJ_348 /* Frameworks */,
			);
			buildRules = (
			);
			dependencies = (
				OBJ_351 /* PBXTargetDependency */,
				OBJ_352 /* PBXTargetDependency */,
			);
			name = Atlas;
			productName = Atlas;
			productReference = "Atlas::Atlas::Product" /* Atlas */;
			productType = "com.apple.product-type.tool";
		};
		"Atlas::AtlasTests" /* AtlasTests */ = {
			isa = PBXNativeTarget;
			buildConfigurationList = OBJ_208 /* Build configuration list for PBXNativeTarget "AtlasTests" */;
			buildPhases = (
				OBJ_211 /* Sources */,
				OBJ_221 /* Frameworks */,
			);
			buildRules = (
			);
			dependencies = (
				OBJ_227 /* PBXTargetDependency */,
				OBJ_229 /* PBXTargetDependency */,
				OBJ_231 /* PBXTargetDependency */,
				OBJ_233 /* PBXTargetDependency */,
				OBJ_235 /* PBXTargetDependency */,
				OBJ_237 /* PBXTargetDependency */,
			);
			name = AtlasTests;
			productName = AtlasTests;
			productReference = "Atlas::AtlasTests::Product" /* AtlasTests.xctest */;
			productType = "com.apple.product-type.bundle.unit-test";
		};
		"Atlas::SwiftPMPackageDescription" /* AtlasPackageDescription */ = {
			isa = PBXNativeTarget;
			buildConfigurationList = OBJ_178 /* Build configuration list for PBXNativeTarget "AtlasPackageDescription" */;
			buildPhases = (
				OBJ_181 /* Sources */,
			);
			buildRules = (
			);
			dependencies = (
			);
			name = AtlasPackageDescription;
			productName = AtlasPackageDescription;
			productType = "com.apple.product-type.framework";
		};
		"AtlasCore::AtlasCore" /* AtlasCore */ = {
			isa = PBXNativeTarget;
			buildConfigurationList = OBJ_353 /* Build configuration list for PBXNativeTarget "AtlasCore" */;
			buildPhases = (
				OBJ_356 /* Sources */,
				OBJ_365 /* Frameworks */,
			);
			buildRules = (
			);
			dependencies = (
			);
			name = AtlasCore;
			productName = AtlasCore;
			productReference = "AtlasCore::AtlasCore::Product" /* AtlasCore.framework */;
			productType = "com.apple.product-type.framework";
		};
		"AtlasCore::SwiftPMPackageDescription" /* AtlasCorePackageDescription */ = {
			isa = PBXNativeTarget;
			buildConfigurationList = OBJ_184 /* Build configuration list for PBXNativeTarget "AtlasCorePackageDescription" */;
			buildPhases = (
				OBJ_187 /* Sources */,
			);
			buildRules = (
			);
			dependencies = (
			);
			name = AtlasCorePackageDescription;
			productName = AtlasCorePackageDescription;
			productType = "com.apple.product-type.framework";
		};
		"Nimble::Nimble" /* Nimble */ = {
			isa = PBXNativeTarget;
			buildConfigurationList = OBJ_239 /* Build configuration list for PBXNativeTarget "Nimble" */;
			buildPhases = (
				OBJ_242 /* Sources */,
				OBJ_293 /* Frameworks */,
			);
			buildRules = (
			);
			dependencies = (
			);
			name = Nimble;
			productName = Nimble;
			productReference = "Nimble::Nimble::Product" /* Nimble.framework */;
			productType = "com.apple.product-type.framework";
		};
		"Nimble::SwiftPMPackageDescription" /* NimblePackageDescription */ = {
			isa = PBXNativeTarget;
			buildConfigurationList = OBJ_196 /* Build configuration list for PBXNativeTarget "NimblePackageDescription" */;
			buildPhases = (
				OBJ_199 /* Sources */,
			);
			buildRules = (
			);
			dependencies = (
			);
			name = NimblePackageDescription;
			productName = NimblePackageDescription;
			productType = "com.apple.product-type.framework";
		};
		"Quick::Quick" /* Quick */ = {
			isa = PBXNativeTarget;
			buildConfigurationList = OBJ_294 /* Build configuration list for PBXNativeTarget "Quick" */;
			buildPhases = (
				OBJ_297 /* Sources */,
				OBJ_321 /* Frameworks */,
			);
			buildRules = (
			);
			dependencies = (
				OBJ_323 /* PBXTargetDependency */,
			);
			name = Quick;
			productName = Quick;
			productReference = "Quick::Quick::Product" /* Quick.framework */;
			productType = "com.apple.product-type.framework";
		};
		"Quick::QuickSpecBase" /* QuickSpecBase */ = {
			isa = PBXNativeTarget;
			buildConfigurationList = OBJ_324 /* Build configuration list for PBXNativeTarget "QuickSpecBase" */;
			buildPhases = (
				OBJ_327 /* Sources */,
				OBJ_329 /* Frameworks */,
			);
			buildRules = (
			);
			dependencies = (
			);
			name = QuickSpecBase;
			productName = QuickSpecBase;
			productReference = "Quick::QuickSpecBase::Product" /* QuickSpecBase.framework */;
			productType = "com.apple.product-type.framework";
		};
		"Quick::SwiftPMPackageDescription" /* QuickPackageDescription */ = {
			isa = PBXNativeTarget;
			buildConfigurationList = OBJ_190 /* Build configuration list for PBXNativeTarget "QuickPackageDescription" */;
			buildPhases = (
				OBJ_193 /* Sources */,
			);
			buildRules = (
			);
			dependencies = (
			);
			name = QuickPackageDescription;
			productName = QuickPackageDescription;
			productType = "com.apple.product-type.framework";
		};
		"SwiftCLI::SwiftCLI" /* SwiftCLI */ = {
			isa = PBXNativeTarget;
			buildConfigurationList = OBJ_366 /* Build configuration list for PBXNativeTarget "SwiftCLI" */;
			buildPhases = (
				OBJ_369 /* Sources */,
				OBJ_395 /* Frameworks */,
			);
			buildRules = (
			);
			dependencies = (
			);
			name = SwiftCLI;
			productName = SwiftCLI;
			productReference = "SwiftCLI::SwiftCLI::Product" /* SwiftCLI.framework */;
			productType = "com.apple.product-type.framework";
		};
		"SwiftCLI::SwiftPMPackageDescription" /* SwiftCLIPackageDescription */ = {
			isa = PBXNativeTarget;
			buildConfigurationList = OBJ_202 /* Build configuration list for PBXNativeTarget "SwiftCLIPackageDescription" */;
			buildPhases = (
				OBJ_205 /* Sources */,
			);
			buildRules = (
			);
			dependencies = (
			);
			name = SwiftCLIPackageDescription;
			productName = SwiftCLIPackageDescription;
			productType = "com.apple.product-type.framework";
		};
/* End PBXNativeTarget section */

/* Begin PBXProject section */
		OBJ_1 /* Project object */ = {
			isa = PBXProject;
			attributes = {
				LastUpgradeCheck = 9999;
			};
			buildConfigurationList = OBJ_2 /* Build configuration list for PBXProject "Atlas" */;
			compatibilityVersion = "Xcode 3.2";
			developmentRegion = English;
			hasScannedForEncodings = 0;
			knownRegions = (
				en,
			);
			mainGroup = OBJ_5 /*  */;
			productRefGroup = OBJ_169 /* Products */;
			projectDirPath = "";
			projectRoot = "";
			targets = (
				"Atlas::SwiftPMPackageDescription" /* AtlasPackageDescription */,
				"AtlasCore::SwiftPMPackageDescription" /* AtlasCorePackageDescription */,
				"Quick::SwiftPMPackageDescription" /* QuickPackageDescription */,
				"Nimble::SwiftPMPackageDescription" /* NimblePackageDescription */,
				"SwiftCLI::SwiftPMPackageDescription" /* SwiftCLIPackageDescription */,
				"Atlas::AtlasTests" /* AtlasTests */,
				"Nimble::Nimble" /* Nimble */,
				"Quick::Quick" /* Quick */,
				"Quick::QuickSpecBase" /* QuickSpecBase */,
				"Atlas::Atlas" /* Atlas */,
				"AtlasCore::AtlasCore" /* AtlasCore */,
				"SwiftCLI::SwiftCLI" /* SwiftCLI */,
				"Atlas::AtlasPackageTests::ProductTarget" /* AtlasPackageTests */,
			);
		};
/* End PBXProject section */

/* Begin PBXSourcesBuildPhase section */
		OBJ_181 /* Sources */ = {
			isa = PBXSourcesBuildPhase;
			buildActionMask = 0;
			files = (
				OBJ_182 /* Package.swift in Sources */,
			);
			runOnlyForDeploymentPostprocessing = 0;
		};
		OBJ_187 /* Sources */ = {
			isa = PBXSourcesBuildPhase;
			buildActionMask = 0;
			files = (
				OBJ_188 /* Package.swift in Sources */,
			);
			runOnlyForDeploymentPostprocessing = 0;
		};
		OBJ_193 /* Sources */ = {
			isa = PBXSourcesBuildPhase;
			buildActionMask = 0;
			files = (
				OBJ_194 /* Package.swift in Sources */,
			);
			runOnlyForDeploymentPostprocessing = 0;
		};
		OBJ_199 /* Sources */ = {
			isa = PBXSourcesBuildPhase;
			buildActionMask = 0;
			files = (
				OBJ_200 /* Package.swift in Sources */,
			);
			runOnlyForDeploymentPostprocessing = 0;
		};
		OBJ_205 /* Sources */ = {
			isa = PBXSourcesBuildPhase;
			buildActionMask = 0;
			files = (
				OBJ_206 /* Package.swift in Sources */,
			);
			runOnlyForDeploymentPostprocessing = 0;
		};
		OBJ_211 /* Sources */ = {
			isa = PBXSourcesBuildPhase;
			buildActionMask = 0;
			files = (
				3A8A74AE2056EC4F00FD679B /* CommitCommand.swift in Sources */,
				OBJ_212 /* CommitCommandSpec.swift in Sources */,
				3A8A74BA2056EC5300FD679B /* main.swift in Sources */,
				OBJ_213 /* Helper.swift in Sources */,
				3A8A74B52056EC5300FD679B /* StagedCommand.swift in Sources */,
				OBJ_214 /* ImportCommandSpec.swift in Sources */,
				3A8A74B72056EC5300FD679B /* StatusCommand.swift in Sources */,
				3A8A74B92056EC5300FD679B /* UnstagedCommand.swift in Sources */,
				3A8A74B22056EC5300FD679B /* LoginCommand.swift in Sources */,
				3A8A74B42056EC5300FD679B /* StageCommand.swift in Sources */,
				OBJ_215 /* LogCommandSpec.swift in Sources */,
				OBJ_216 /* LoginCommandSpec.swift in Sources */,
				3A8A74B32056EC5300FD679B /* LogoutCommand.swift in Sources */,
				OBJ_217 /* LogoutCommandSpec.swift in Sources */,
				3A8A74AD2056EC4C00FD679B /* ImportCommand.swift in Sources */,
				3A8A74AF2056EC5300FD679B /* AtlasInput.swift in Sources */,
				3A8A74B82056EC5300FD679B /* UnstageCommand.swift in Sources */,
				3A8A74B62056EC5300FD679B /* StartProjectCommand.swift in Sources */,
				OBJ_218 /* StageCommandSpec.swift in Sources */,
				3A8A74B02056EC5300FD679B /* InfoCommand.swift in Sources */,
				OBJ_219 /* StartProjectCommandSpec.swift in Sources */,
				3A8A74B12056EC5300FD679B /* LogCommand.swift in Sources */,
				OBJ_220 /* UnstageCommandSpec.swift in Sources */,
			);
			runOnlyForDeploymentPostprocessing = 0;
		};
		OBJ_242 /* Sources */ = {
			isa = PBXSourcesBuildPhase;
			buildActionMask = 0;
			files = (
				OBJ_243 /* AdapterProtocols.swift in Sources */,
				OBJ_244 /* AssertionDispatcher.swift in Sources */,
				OBJ_245 /* AssertionRecorder.swift in Sources */,
				OBJ_246 /* NMBExpectation.swift in Sources */,
				OBJ_247 /* NMBObjCMatcher.swift in Sources */,
				OBJ_248 /* NimbleEnvironment.swift in Sources */,
				OBJ_249 /* NimbleXCTestHandler.swift in Sources */,
				OBJ_250 /* ExceptionCapture.swift in Sources */,
				OBJ_251 /* DSL+Wait.swift in Sources */,
				OBJ_252 /* DSL.swift in Sources */,
				OBJ_253 /* Expectation.swift in Sources */,
				OBJ_254 /* ExpectationMessage.swift in Sources */,
				OBJ_255 /* Expression.swift in Sources */,
				OBJ_256 /* FailureMessage.swift in Sources */,
				OBJ_257 /* AllPass.swift in Sources */,
				OBJ_258 /* AsyncMatcherWrapper.swift in Sources */,
				OBJ_259 /* BeAKindOf.swift in Sources */,
				OBJ_260 /* BeAnInstanceOf.swift in Sources */,
				OBJ_261 /* BeCloseTo.swift in Sources */,
				OBJ_262 /* BeEmpty.swift in Sources */,
				OBJ_263 /* BeGreaterThan.swift in Sources */,
				OBJ_264 /* BeGreaterThanOrEqualTo.swift in Sources */,
				OBJ_265 /* BeIdenticalTo.swift in Sources */,
				OBJ_266 /* BeLessThan.swift in Sources */,
				OBJ_267 /* BeLessThanOrEqual.swift in Sources */,
				OBJ_268 /* BeLogical.swift in Sources */,
				OBJ_269 /* BeNil.swift in Sources */,
				OBJ_270 /* BeVoid.swift in Sources */,
				OBJ_271 /* BeginWith.swift in Sources */,
				OBJ_272 /* Contain.swift in Sources */,
				OBJ_273 /* ContainElementSatisfying.swift in Sources */,
				OBJ_274 /* EndWith.swift in Sources */,
				OBJ_275 /* Equal.swift in Sources */,
				OBJ_276 /* HaveCount.swift in Sources */,
				OBJ_277 /* Match.swift in Sources */,
				OBJ_278 /* MatchError.swift in Sources */,
				OBJ_279 /* MatcherFunc.swift in Sources */,
				OBJ_280 /* MatcherProtocols.swift in Sources */,
				OBJ_281 /* PostNotification.swift in Sources */,
				OBJ_282 /* Predicate.swift in Sources */,
				OBJ_283 /* RaisesException.swift in Sources */,
				OBJ_284 /* SatisfyAnyOf.swift in Sources */,
				OBJ_285 /* ThrowAssertion.swift in Sources */,
				OBJ_286 /* ThrowError.swift in Sources */,
				OBJ_287 /* ToSucceed.swift in Sources */,
				OBJ_288 /* Async.swift in Sources */,
				OBJ_289 /* Errors.swift in Sources */,
				OBJ_290 /* Functional.swift in Sources */,
				OBJ_291 /* SourceLocation.swift in Sources */,
				OBJ_292 /* Stringers.swift in Sources */,
			);
			runOnlyForDeploymentPostprocessing = 0;
		};
		OBJ_297 /* Sources */ = {
			isa = PBXSourcesBuildPhase;
			buildActionMask = 0;
			files = (
				OBJ_298 /* Behavior.swift in Sources */,
				OBJ_299 /* Callsite.swift in Sources */,
				OBJ_300 /* Configuration.swift in Sources */,
				OBJ_301 /* QuickConfiguration.swift in Sources */,
				OBJ_302 /* DSL.swift in Sources */,
				OBJ_303 /* World+DSL.swift in Sources */,
				OBJ_304 /* ErrorUtility.swift in Sources */,
				OBJ_305 /* Example.swift in Sources */,
				OBJ_306 /* ExampleGroup.swift in Sources */,
				OBJ_307 /* ExampleMetadata.swift in Sources */,
				OBJ_308 /* Filter.swift in Sources */,
				OBJ_309 /* Closures.swift in Sources */,
				OBJ_310 /* ExampleHooks.swift in Sources */,
				OBJ_311 /* HooksPhase.swift in Sources */,
				OBJ_312 /* SuiteHooks.swift in Sources */,
				OBJ_313 /* NSBundle+CurrentTestBundle.swift in Sources */,
				OBJ_314 /* NSString+C99ExtendedIdentifier.swift in Sources */,
				OBJ_315 /* QuickMain.swift in Sources */,
				OBJ_316 /* QuickSelectedTestSuiteBuilder.swift in Sources */,
				OBJ_317 /* QuickSpec.swift in Sources */,
				OBJ_318 /* QuickTestSuite.swift in Sources */,
				OBJ_319 /* URL+FileName.swift in Sources */,
				OBJ_320 /* World.swift in Sources */,
			);
			runOnlyForDeploymentPostprocessing = 0;
		};
		OBJ_327 /* Sources */ = {
			isa = PBXSourcesBuildPhase;
			buildActionMask = 0;
			files = (
				OBJ_328 /* QuickSpecBase.m in Sources */,
			);
			runOnlyForDeploymentPostprocessing = 0;
		};
		OBJ_333 /* Sources */ = {
			isa = PBXSourcesBuildPhase;
			buildActionMask = 0;
			files = (
				OBJ_334 /* AtlasInput.swift in Sources */,
				OBJ_335 /* CommitCommand.swift in Sources */,
				OBJ_336 /* ImportCommand.swift in Sources */,
				OBJ_337 /* InfoCommand.swift in Sources */,
				OBJ_338 /* LogCommand.swift in Sources */,
				OBJ_339 /* LoginCommand.swift in Sources */,
				OBJ_340 /* LogoutCommand.swift in Sources */,
				OBJ_341 /* StageCommand.swift in Sources */,
				OBJ_342 /* StagedCommand.swift in Sources */,
				OBJ_343 /* StartProjectCommand.swift in Sources */,
				OBJ_344 /* StatusCommand.swift in Sources */,
				OBJ_345 /* UnstageCommand.swift in Sources */,
				OBJ_346 /* UnstagedCommand.swift in Sources */,
				OBJ_347 /* main.swift in Sources */,
			);
			runOnlyForDeploymentPostprocessing = 0;
		};
		OBJ_356 /* Sources */ = {
			isa = PBXSourcesBuildPhase;
			buildActionMask = 0;
			files = (
				OBJ_357 /* AtlasCore.swift in Sources */,
				OBJ_358 /* AtlasProcess.swift in Sources */,
				OBJ_359 /* Credentials.swift in Sources */,
				OBJ_360 /* FileSystem.swift in Sources */,
				OBJ_361 /* Git.swift in Sources */,
				OBJ_362 /* GitHub.swift in Sources */,
				OBJ_363 /* Glue.swift in Sources */,
				OBJ_364 /* Project.swift in Sources */,
			);
			runOnlyForDeploymentPostprocessing = 0;
		};
		OBJ_369 /* Sources */ = {
			isa = PBXSourcesBuildPhase;
			buildActionMask = 0;
			files = (
				OBJ_370 /* ArgumentList.swift in Sources */,
				OBJ_371 /* ArgumentListManipulator.swift in Sources */,
				OBJ_372 /* CLI-deprecated.swift in Sources */,
				OBJ_373 /* CLI.swift in Sources */,
				OBJ_374 /* ChainableCommand.swift in Sources */,
				OBJ_375 /* Command.swift in Sources */,
				OBJ_376 /* CommandSignature.swift in Sources */,
				OBJ_377 /* CompletionGenerator.swift in Sources */,
				OBJ_378 /* Error.swift in Sources */,
				OBJ_379 /* GlobalOptions.swift in Sources */,
				OBJ_380 /* HelpCommand.swift in Sources */,
				OBJ_381 /* HelpMessageGenerator.swift in Sources */,
				OBJ_382 /* Input.swift in Sources */,
				OBJ_383 /* LightweightCommand.swift in Sources */,
				OBJ_384 /* Option.swift in Sources */,
				OBJ_385 /* OptionGroup.swift in Sources */,
				OBJ_386 /* OptionRecognizer.swift in Sources */,
				OBJ_387 /* OptionRegistry.swift in Sources */,
				OBJ_388 /* Output.swift in Sources */,
				OBJ_389 /* OutputByteStream.swift in Sources */,
				OBJ_390 /* Parameter.swift in Sources */,
				OBJ_391 /* ParameterFiller.swift in Sources */,
				OBJ_392 /* Router.swift in Sources */,
				OBJ_393 /* Term.swift in Sources */,
				OBJ_394 /* VersionCommand.swift in Sources */,
			);
			runOnlyForDeploymentPostprocessing = 0;
		};
/* End PBXSourcesBuildPhase section */

/* Begin PBXTargetDependency section */
		OBJ_227 /* PBXTargetDependency */ = {
			isa = PBXTargetDependency;
			target = "Nimble::Nimble" /* Nimble */;
			targetProxy = 3A8A74A52056EC2400FD679B /* PBXContainerItemProxy */;
		};
		OBJ_229 /* PBXTargetDependency */ = {
			isa = PBXTargetDependency;
			target = "Quick::Quick" /* Quick */;
			targetProxy = 3A8A74A62056EC2400FD679B /* PBXContainerItemProxy */;
		};
		OBJ_231 /* PBXTargetDependency */ = {
			isa = PBXTargetDependency;
			target = "Quick::QuickSpecBase" /* QuickSpecBase */;
			targetProxy = 3A8A74A82056EC2400FD679B /* PBXContainerItemProxy */;
		};
		OBJ_233 /* PBXTargetDependency */ = {
			isa = PBXTargetDependency;
			target = "Atlas::Atlas" /* Atlas */;
			targetProxy = 3A8A74A92056EC2400FD679B /* PBXContainerItemProxy */;
		};
		OBJ_235 /* PBXTargetDependency */ = {
			isa = PBXTargetDependency;
			target = "AtlasCore::AtlasCore" /* AtlasCore */;
			targetProxy = 3A8A74AA2056EC2400FD679B /* PBXContainerItemProxy */;
		};
		OBJ_237 /* PBXTargetDependency */ = {
			isa = PBXTargetDependency;
			target = "SwiftCLI::SwiftCLI" /* SwiftCLI */;
			targetProxy = 3A8A74AB2056EC2400FD679B /* PBXContainerItemProxy */;
		};
		OBJ_323 /* PBXTargetDependency */ = {
			isa = PBXTargetDependency;
			target = "Quick::QuickSpecBase" /* QuickSpecBase */;
			targetProxy = 3A8A74A72056EC2400FD679B /* PBXContainerItemProxy */;
		};
		OBJ_351 /* PBXTargetDependency */ = {
			isa = PBXTargetDependency;
			target = "AtlasCore::AtlasCore" /* AtlasCore */;
			targetProxy = 3A8A74A32056EC2400FD679B /* PBXContainerItemProxy */;
		};
		OBJ_352 /* PBXTargetDependency */ = {
			isa = PBXTargetDependency;
			target = "SwiftCLI::SwiftCLI" /* SwiftCLI */;
			targetProxy = 3A8A74A42056EC2400FD679B /* PBXContainerItemProxy */;
		};
		OBJ_400 /* PBXTargetDependency */ = {
			isa = PBXTargetDependency;
			target = "Atlas::AtlasTests" /* AtlasTests */;
			targetProxy = 3A8A74AC2056EC2500FD679B /* PBXContainerItemProxy */;
		};
/* End PBXTargetDependency section */

/* Begin XCBuildConfiguration section */
		OBJ_179 /* Debug */ = {
			isa = XCBuildConfiguration;
			buildSettings = {
				LD = /usr/bin/true;
				OTHER_SWIFT_FLAGS = "-swift-version 4 -I /Applications/Xcode.app/Contents/Developer/Toolchains/XcodeDefault.xctoolchain/usr/lib/swift/pm/4 -target x86_64-apple-macosx10.10 -sdk /Applications/Xcode.app/Contents/Developer/Platforms/MacOSX.platform/Developer/SDKs/MacOSX10.13.sdk";
				SWIFT_VERSION = 4.0;
			};
			name = Debug;
		};
		OBJ_180 /* Release */ = {
			isa = XCBuildConfiguration;
			buildSettings = {
				LD = /usr/bin/true;
				OTHER_SWIFT_FLAGS = "-swift-version 4 -I /Applications/Xcode.app/Contents/Developer/Toolchains/XcodeDefault.xctoolchain/usr/lib/swift/pm/4 -target x86_64-apple-macosx10.10 -sdk /Applications/Xcode.app/Contents/Developer/Platforms/MacOSX.platform/Developer/SDKs/MacOSX10.13.sdk";
				SWIFT_VERSION = 4.0;
			};
			name = Release;
		};
		OBJ_185 /* Debug */ = {
			isa = XCBuildConfiguration;
			buildSettings = {
				LD = /usr/bin/true;
				OTHER_SWIFT_FLAGS = "-swift-version 4 -I /Applications/Xcode.app/Contents/Developer/Toolchains/XcodeDefault.xctoolchain/usr/lib/swift/pm/4 -target x86_64-apple-macosx10.10 -sdk /Applications/Xcode.app/Contents/Developer/Platforms/MacOSX.platform/Developer/SDKs/MacOSX10.13.sdk";
				SWIFT_VERSION = 4.0;
			};
			name = Debug;
		};
		OBJ_186 /* Release */ = {
			isa = XCBuildConfiguration;
			buildSettings = {
				LD = /usr/bin/true;
				OTHER_SWIFT_FLAGS = "-swift-version 4 -I /Applications/Xcode.app/Contents/Developer/Toolchains/XcodeDefault.xctoolchain/usr/lib/swift/pm/4 -target x86_64-apple-macosx10.10 -sdk /Applications/Xcode.app/Contents/Developer/Platforms/MacOSX.platform/Developer/SDKs/MacOSX10.13.sdk";
				SWIFT_VERSION = 4.0;
			};
			name = Release;
		};
		OBJ_191 /* Debug */ = {
			isa = XCBuildConfiguration;
			buildSettings = {
				LD = /usr/bin/true;
				OTHER_SWIFT_FLAGS = "-swift-version 4 -I /Applications/Xcode.app/Contents/Developer/Toolchains/XcodeDefault.xctoolchain/usr/lib/swift/pm/4 -target x86_64-apple-macosx10.10 -sdk /Applications/Xcode.app/Contents/Developer/Platforms/MacOSX.platform/Developer/SDKs/MacOSX10.13.sdk";
				SWIFT_VERSION = 4.0;
			};
			name = Debug;
		};
		OBJ_192 /* Release */ = {
			isa = XCBuildConfiguration;
			buildSettings = {
				LD = /usr/bin/true;
				OTHER_SWIFT_FLAGS = "-swift-version 4 -I /Applications/Xcode.app/Contents/Developer/Toolchains/XcodeDefault.xctoolchain/usr/lib/swift/pm/4 -target x86_64-apple-macosx10.10 -sdk /Applications/Xcode.app/Contents/Developer/Platforms/MacOSX.platform/Developer/SDKs/MacOSX10.13.sdk";
				SWIFT_VERSION = 4.0;
			};
			name = Release;
		};
		OBJ_197 /* Debug */ = {
			isa = XCBuildConfiguration;
			buildSettings = {
				LD = /usr/bin/true;
				OTHER_SWIFT_FLAGS = "-swift-version 4 -I /Applications/Xcode.app/Contents/Developer/Toolchains/XcodeDefault.xctoolchain/usr/lib/swift/pm/4 -target x86_64-apple-macosx10.10 -sdk /Applications/Xcode.app/Contents/Developer/Platforms/MacOSX.platform/Developer/SDKs/MacOSX10.13.sdk";
				SWIFT_VERSION = 4.0;
			};
			name = Debug;
		};
		OBJ_198 /* Release */ = {
			isa = XCBuildConfiguration;
			buildSettings = {
				LD = /usr/bin/true;
				OTHER_SWIFT_FLAGS = "-swift-version 4 -I /Applications/Xcode.app/Contents/Developer/Toolchains/XcodeDefault.xctoolchain/usr/lib/swift/pm/4 -target x86_64-apple-macosx10.10 -sdk /Applications/Xcode.app/Contents/Developer/Platforms/MacOSX.platform/Developer/SDKs/MacOSX10.13.sdk";
				SWIFT_VERSION = 4.0;
			};
			name = Release;
		};
		OBJ_203 /* Debug */ = {
			isa = XCBuildConfiguration;
			buildSettings = {
				LD = /usr/bin/true;
				OTHER_SWIFT_FLAGS = "-swift-version 4 -I /Applications/Xcode.app/Contents/Developer/Toolchains/XcodeDefault.xctoolchain/usr/lib/swift/pm/4 -target x86_64-apple-macosx10.10 -sdk /Applications/Xcode.app/Contents/Developer/Platforms/MacOSX.platform/Developer/SDKs/MacOSX10.13.sdk";
				SWIFT_VERSION = 4.0;
			};
			name = Debug;
		};
		OBJ_204 /* Release */ = {
			isa = XCBuildConfiguration;
			buildSettings = {
				LD = /usr/bin/true;
				OTHER_SWIFT_FLAGS = "-swift-version 4 -I /Applications/Xcode.app/Contents/Developer/Toolchains/XcodeDefault.xctoolchain/usr/lib/swift/pm/4 -target x86_64-apple-macosx10.10 -sdk /Applications/Xcode.app/Contents/Developer/Platforms/MacOSX.platform/Developer/SDKs/MacOSX10.13.sdk";
				SWIFT_VERSION = 4.0;
			};
			name = Release;
		};
		OBJ_209 /* Debug */ = {
			isa = XCBuildConfiguration;
			baseConfigurationReference = OBJ_8 /* settings.xcconfig */;
			buildSettings = {
				EMBEDDED_CONTENT_CONTAINS_SWIFT = YES;
				FRAMEWORK_SEARCH_PATHS = (
					"$(inherited)",
					"$(PLATFORM_DIR)/Developer/Library/Frameworks",
				);
				HEADER_SEARCH_PATHS = (
					"$(inherited)",
					"$(SRCROOT)/.build/checkouts/Quick.git-2733117082000052066/Sources/QuickSpecBase/include",
					"$(SRCROOT)/Atlas.xcodeproj/GeneratedModuleMap/QuickSpecBase",
				);
				INFOPLIST_FILE = Atlas.xcodeproj/AtlasTests_Info.plist;
				LD_RUNPATH_SEARCH_PATHS = "@loader_path/../Frameworks @loader_path/Frameworks";
				OTHER_LDFLAGS = "$(inherited)";
				OTHER_SWIFT_FLAGS = "$(inherited) -Xcc -fmodule-map-file=$(SRCROOT)/Atlas.xcodeproj/GeneratedModuleMap/QuickSpecBase/module.modulemap";
				SWIFT_VERSION = 4.0;
				TARGET_NAME = AtlasTests;
			};
			name = Debug;
		};
		OBJ_210 /* Release */ = {
			isa = XCBuildConfiguration;
			baseConfigurationReference = OBJ_8 /* settings.xcconfig */;
			buildSettings = {
				EMBEDDED_CONTENT_CONTAINS_SWIFT = YES;
				FRAMEWORK_SEARCH_PATHS = (
					"$(inherited)",
					"$(PLATFORM_DIR)/Developer/Library/Frameworks",
				);
				HEADER_SEARCH_PATHS = (
					"$(inherited)",
					"$(SRCROOT)/.build/checkouts/Quick.git-2733117082000052066/Sources/QuickSpecBase/include",
					"$(SRCROOT)/Atlas.xcodeproj/GeneratedModuleMap/QuickSpecBase",
				);
				INFOPLIST_FILE = Atlas.xcodeproj/AtlasTests_Info.plist;
				LD_RUNPATH_SEARCH_PATHS = "@loader_path/../Frameworks @loader_path/Frameworks";
				OTHER_LDFLAGS = "$(inherited)";
				OTHER_SWIFT_FLAGS = "$(inherited) -Xcc -fmodule-map-file=$(SRCROOT)/Atlas.xcodeproj/GeneratedModuleMap/QuickSpecBase/module.modulemap";
				SWIFT_VERSION = 4.0;
				TARGET_NAME = AtlasTests;
			};
			name = Release;
		};
		OBJ_240 /* Debug */ = {
			isa = XCBuildConfiguration;
			baseConfigurationReference = OBJ_8 /* settings.xcconfig */;
			buildSettings = {
				ENABLE_TESTABILITY = YES;
				FRAMEWORK_SEARCH_PATHS = (
					"$(inherited)",
					"$(PLATFORM_DIR)/Developer/Library/Frameworks",
				);
				HEADER_SEARCH_PATHS = "$(inherited)";
				INFOPLIST_FILE = Atlas.xcodeproj/Nimble_Info.plist;
				LD_RUNPATH_SEARCH_PATHS = "$(TOOLCHAIN_DIR)/usr/lib/swift/macosx";
				OTHER_LDFLAGS = "$(inherited)";
				OTHER_SWIFT_FLAGS = "$(inherited)";
				PRODUCT_BUNDLE_IDENTIFIER = Nimble;
				PRODUCT_MODULE_NAME = "$(TARGET_NAME:c99extidentifier)";
				PRODUCT_NAME = "$(TARGET_NAME:c99extidentifier)";
				SKIP_INSTALL = YES;
				SWIFT_VERSION = 4.0;
				TARGET_NAME = Nimble;
			};
			name = Debug;
		};
		OBJ_241 /* Release */ = {
			isa = XCBuildConfiguration;
			baseConfigurationReference = OBJ_8 /* settings.xcconfig */;
			buildSettings = {
				ENABLE_TESTABILITY = YES;
				FRAMEWORK_SEARCH_PATHS = (
					"$(inherited)",
					"$(PLATFORM_DIR)/Developer/Library/Frameworks",
				);
				HEADER_SEARCH_PATHS = "$(inherited)";
				INFOPLIST_FILE = Atlas.xcodeproj/Nimble_Info.plist;
				LD_RUNPATH_SEARCH_PATHS = "$(TOOLCHAIN_DIR)/usr/lib/swift/macosx";
				OTHER_LDFLAGS = "$(inherited)";
				OTHER_SWIFT_FLAGS = "$(inherited)";
				PRODUCT_BUNDLE_IDENTIFIER = Nimble;
				PRODUCT_MODULE_NAME = "$(TARGET_NAME:c99extidentifier)";
				PRODUCT_NAME = "$(TARGET_NAME:c99extidentifier)";
				SKIP_INSTALL = YES;
				SWIFT_VERSION = 4.0;
				TARGET_NAME = Nimble;
			};
			name = Release;
		};
		OBJ_295 /* Debug */ = {
			isa = XCBuildConfiguration;
			baseConfigurationReference = OBJ_8 /* settings.xcconfig */;
			buildSettings = {
				ENABLE_TESTABILITY = YES;
				FRAMEWORK_SEARCH_PATHS = (
					"$(inherited)",
					"$(PLATFORM_DIR)/Developer/Library/Frameworks",
				);
				HEADER_SEARCH_PATHS = (
					"$(inherited)",
					"$(SRCROOT)/.build/checkouts/Quick.git-2733117082000052066/Sources/QuickSpecBase/include",
					"$(SRCROOT)/Atlas.xcodeproj/GeneratedModuleMap/QuickSpecBase",
				);
				INFOPLIST_FILE = Atlas.xcodeproj/Quick_Info.plist;
				LD_RUNPATH_SEARCH_PATHS = "$(TOOLCHAIN_DIR)/usr/lib/swift/macosx";
				OTHER_LDFLAGS = "$(inherited)";
				OTHER_SWIFT_FLAGS = "$(inherited) -Xcc -fmodule-map-file=$(SRCROOT)/Atlas.xcodeproj/GeneratedModuleMap/QuickSpecBase/module.modulemap";
				PRODUCT_BUNDLE_IDENTIFIER = Quick;
				PRODUCT_MODULE_NAME = "$(TARGET_NAME:c99extidentifier)";
				PRODUCT_NAME = "$(TARGET_NAME:c99extidentifier)";
				SKIP_INSTALL = YES;
				SWIFT_VERSION = 3.0;
				TARGET_NAME = Quick;
			};
			name = Debug;
		};
		OBJ_296 /* Release */ = {
			isa = XCBuildConfiguration;
			baseConfigurationReference = OBJ_8 /* settings.xcconfig */;
			buildSettings = {
				ENABLE_TESTABILITY = YES;
				FRAMEWORK_SEARCH_PATHS = (
					"$(inherited)",
					"$(PLATFORM_DIR)/Developer/Library/Frameworks",
				);
				HEADER_SEARCH_PATHS = (
					"$(inherited)",
					"$(SRCROOT)/.build/checkouts/Quick.git-2733117082000052066/Sources/QuickSpecBase/include",
					"$(SRCROOT)/Atlas.xcodeproj/GeneratedModuleMap/QuickSpecBase",
				);
				INFOPLIST_FILE = Atlas.xcodeproj/Quick_Info.plist;
				LD_RUNPATH_SEARCH_PATHS = "$(TOOLCHAIN_DIR)/usr/lib/swift/macosx";
				OTHER_LDFLAGS = "$(inherited)";
				OTHER_SWIFT_FLAGS = "$(inherited) -Xcc -fmodule-map-file=$(SRCROOT)/Atlas.xcodeproj/GeneratedModuleMap/QuickSpecBase/module.modulemap";
				PRODUCT_BUNDLE_IDENTIFIER = Quick;
				PRODUCT_MODULE_NAME = "$(TARGET_NAME:c99extidentifier)";
				PRODUCT_NAME = "$(TARGET_NAME:c99extidentifier)";
				SKIP_INSTALL = YES;
				SWIFT_VERSION = 3.0;
				TARGET_NAME = Quick;
			};
			name = Release;
		};
		OBJ_3 /* Debug */ = {
			isa = XCBuildConfiguration;
			buildSettings = {
				CLANG_ENABLE_OBJC_ARC = YES;
				COMBINE_HIDPI_IMAGES = YES;
				COPY_PHASE_STRIP = NO;
				DEBUG_INFORMATION_FORMAT = dwarf;
				DYLIB_INSTALL_NAME_BASE = "@rpath";
				ENABLE_NS_ASSERTIONS = YES;
				GCC_OPTIMIZATION_LEVEL = 0;
				MACOSX_DEPLOYMENT_TARGET = 10.10;
				ONLY_ACTIVE_ARCH = YES;
				OTHER_SWIFT_FLAGS = "-DXcode";
				PRODUCT_NAME = "$(TARGET_NAME)";
				SDKROOT = macosx;
				SUPPORTED_PLATFORMS = "macosx iphoneos iphonesimulator appletvos appletvsimulator watchos watchsimulator";
				SWIFT_ACTIVE_COMPILATION_CONDITIONS = SWIFT_PACKAGE;
				SWIFT_OPTIMIZATION_LEVEL = "-Onone";
				USE_HEADERMAP = NO;
			};
			name = Debug;
		};
		OBJ_325 /* Debug */ = {
			isa = XCBuildConfiguration;
			baseConfigurationReference = OBJ_8 /* settings.xcconfig */;
			buildSettings = {
				DEFINES_MODULE = NO;
				ENABLE_TESTABILITY = YES;
				FRAMEWORK_SEARCH_PATHS = (
					"$(inherited)",
					"$(PLATFORM_DIR)/Developer/Library/Frameworks",
				);
				HEADER_SEARCH_PATHS = (
					"$(inherited)",
					"$(SRCROOT)/.build/checkouts/Quick.git-2733117082000052066/Sources/QuickSpecBase/include",
				);
				INFOPLIST_FILE = Atlas.xcodeproj/QuickSpecBase_Info.plist;
				LD_RUNPATH_SEARCH_PATHS = "$(TOOLCHAIN_DIR)/usr/lib/swift/macosx";
				OTHER_LDFLAGS = "$(inherited)";
				OTHER_SWIFT_FLAGS = "$(inherited)";
				PRODUCT_BUNDLE_IDENTIFIER = QuickSpecBase;
				PRODUCT_MODULE_NAME = "$(TARGET_NAME:c99extidentifier)";
				PRODUCT_NAME = "$(TARGET_NAME:c99extidentifier)";
				SKIP_INSTALL = YES;
				TARGET_NAME = QuickSpecBase;
			};
			name = Debug;
		};
		OBJ_326 /* Release */ = {
			isa = XCBuildConfiguration;
			baseConfigurationReference = OBJ_8 /* settings.xcconfig */;
			buildSettings = {
				DEFINES_MODULE = NO;
				ENABLE_TESTABILITY = YES;
				FRAMEWORK_SEARCH_PATHS = (
					"$(inherited)",
					"$(PLATFORM_DIR)/Developer/Library/Frameworks",
				);
				HEADER_SEARCH_PATHS = (
					"$(inherited)",
					"$(SRCROOT)/.build/checkouts/Quick.git-2733117082000052066/Sources/QuickSpecBase/include",
				);
				INFOPLIST_FILE = Atlas.xcodeproj/QuickSpecBase_Info.plist;
				LD_RUNPATH_SEARCH_PATHS = "$(TOOLCHAIN_DIR)/usr/lib/swift/macosx";
				OTHER_LDFLAGS = "$(inherited)";
				OTHER_SWIFT_FLAGS = "$(inherited)";
				PRODUCT_BUNDLE_IDENTIFIER = QuickSpecBase;
				PRODUCT_MODULE_NAME = "$(TARGET_NAME:c99extidentifier)";
				PRODUCT_NAME = "$(TARGET_NAME:c99extidentifier)";
				SKIP_INSTALL = YES;
				TARGET_NAME = QuickSpecBase;
			};
			name = Release;
		};
		OBJ_331 /* Debug */ = {
			isa = XCBuildConfiguration;
			baseConfigurationReference = OBJ_8 /* settings.xcconfig */;
			buildSettings = {
				FRAMEWORK_SEARCH_PATHS = (
					"$(inherited)",
					"$(PLATFORM_DIR)/Developer/Library/Frameworks",
				);
				HEADER_SEARCH_PATHS = "$(inherited)";
				INFOPLIST_FILE = Atlas.xcodeproj/Atlas_Info.plist;
				LD_RUNPATH_SEARCH_PATHS = "$(TOOLCHAIN_DIR)/usr/lib/swift/macosx @executable_path";
				OTHER_LDFLAGS = "$(inherited)";
				OTHER_SWIFT_FLAGS = "$(inherited)";
				SWIFT_FORCE_DYNAMIC_LINK_STDLIB = YES;
				SWIFT_FORCE_STATIC_LINK_STDLIB = NO;
				SWIFT_VERSION = 4.0;
				TARGET_NAME = Atlas;
			};
			name = Debug;
		};
		OBJ_332 /* Release */ = {
			isa = XCBuildConfiguration;
			baseConfigurationReference = OBJ_8 /* settings.xcconfig */;
			buildSettings = {
				FRAMEWORK_SEARCH_PATHS = (
					"$(inherited)",
					"$(PLATFORM_DIR)/Developer/Library/Frameworks",
				);
				HEADER_SEARCH_PATHS = "$(inherited)";
				INFOPLIST_FILE = Atlas.xcodeproj/Atlas_Info.plist;
				LD_RUNPATH_SEARCH_PATHS = "$(TOOLCHAIN_DIR)/usr/lib/swift/macosx @executable_path";
				OTHER_LDFLAGS = "$(inherited)";
				OTHER_SWIFT_FLAGS = "$(inherited)";
				SWIFT_FORCE_DYNAMIC_LINK_STDLIB = YES;
				SWIFT_FORCE_STATIC_LINK_STDLIB = NO;
				SWIFT_VERSION = 4.0;
				TARGET_NAME = Atlas;
			};
			name = Release;
		};
		OBJ_354 /* Debug */ = {
			isa = XCBuildConfiguration;
			baseConfigurationReference = OBJ_8 /* settings.xcconfig */;
			buildSettings = {
				ENABLE_TESTABILITY = YES;
				FRAMEWORK_SEARCH_PATHS = (
					"$(inherited)",
					"$(PLATFORM_DIR)/Developer/Library/Frameworks",
				);
				HEADER_SEARCH_PATHS = "$(inherited)";
				INFOPLIST_FILE = Atlas.xcodeproj/AtlasCore_Info.plist;
				LD_RUNPATH_SEARCH_PATHS = "$(TOOLCHAIN_DIR)/usr/lib/swift/macosx";
				OTHER_LDFLAGS = "$(inherited)";
				OTHER_SWIFT_FLAGS = "$(inherited)";
				PRODUCT_BUNDLE_IDENTIFIER = AtlasCore;
				PRODUCT_MODULE_NAME = "$(TARGET_NAME:c99extidentifier)";
				PRODUCT_NAME = "$(TARGET_NAME:c99extidentifier)";
				SKIP_INSTALL = YES;
				SWIFT_VERSION = 4.0;
				TARGET_NAME = AtlasCore;
			};
			name = Debug;
		};
		OBJ_355 /* Release */ = {
			isa = XCBuildConfiguration;
			baseConfigurationReference = OBJ_8 /* settings.xcconfig */;
			buildSettings = {
				ENABLE_TESTABILITY = YES;
				FRAMEWORK_SEARCH_PATHS = (
					"$(inherited)",
					"$(PLATFORM_DIR)/Developer/Library/Frameworks",
				);
				HEADER_SEARCH_PATHS = "$(inherited)";
				INFOPLIST_FILE = Atlas.xcodeproj/AtlasCore_Info.plist;
				LD_RUNPATH_SEARCH_PATHS = "$(TOOLCHAIN_DIR)/usr/lib/swift/macosx";
				OTHER_LDFLAGS = "$(inherited)";
				OTHER_SWIFT_FLAGS = "$(inherited)";
				PRODUCT_BUNDLE_IDENTIFIER = AtlasCore;
				PRODUCT_MODULE_NAME = "$(TARGET_NAME:c99extidentifier)";
				PRODUCT_NAME = "$(TARGET_NAME:c99extidentifier)";
				SKIP_INSTALL = YES;
				SWIFT_VERSION = 4.0;
				TARGET_NAME = AtlasCore;
			};
			name = Release;
		};
		OBJ_367 /* Debug */ = {
			isa = XCBuildConfiguration;
			baseConfigurationReference = OBJ_8 /* settings.xcconfig */;
			buildSettings = {
				ENABLE_TESTABILITY = YES;
				FRAMEWORK_SEARCH_PATHS = (
					"$(inherited)",
					"$(PLATFORM_DIR)/Developer/Library/Frameworks",
				);
				HEADER_SEARCH_PATHS = "$(inherited)";
				INFOPLIST_FILE = Atlas.xcodeproj/SwiftCLI_Info.plist;
				LD_RUNPATH_SEARCH_PATHS = "$(TOOLCHAIN_DIR)/usr/lib/swift/macosx";
				OTHER_LDFLAGS = "$(inherited)";
				OTHER_SWIFT_FLAGS = "$(inherited)";
				PRODUCT_BUNDLE_IDENTIFIER = SwiftCLI;
				PRODUCT_MODULE_NAME = "$(TARGET_NAME:c99extidentifier)";
				PRODUCT_NAME = "$(TARGET_NAME:c99extidentifier)";
				SKIP_INSTALL = YES;
				SWIFT_VERSION = 4.0;
				TARGET_NAME = SwiftCLI;
			};
			name = Debug;
		};
		OBJ_368 /* Release */ = {
			isa = XCBuildConfiguration;
			baseConfigurationReference = OBJ_8 /* settings.xcconfig */;
			buildSettings = {
				ENABLE_TESTABILITY = YES;
				FRAMEWORK_SEARCH_PATHS = (
					"$(inherited)",
					"$(PLATFORM_DIR)/Developer/Library/Frameworks",
				);
				HEADER_SEARCH_PATHS = "$(inherited)";
				INFOPLIST_FILE = Atlas.xcodeproj/SwiftCLI_Info.plist;
				LD_RUNPATH_SEARCH_PATHS = "$(TOOLCHAIN_DIR)/usr/lib/swift/macosx";
				OTHER_LDFLAGS = "$(inherited)";
				OTHER_SWIFT_FLAGS = "$(inherited)";
				PRODUCT_BUNDLE_IDENTIFIER = SwiftCLI;
				PRODUCT_MODULE_NAME = "$(TARGET_NAME:c99extidentifier)";
				PRODUCT_NAME = "$(TARGET_NAME:c99extidentifier)";
				SKIP_INSTALL = YES;
				SWIFT_VERSION = 4.0;
				TARGET_NAME = SwiftCLI;
			};
			name = Release;
		};
		OBJ_398 /* Debug */ = {
			isa = XCBuildConfiguration;
			buildSettings = {
			};
			name = Debug;
		};
		OBJ_399 /* Release */ = {
			isa = XCBuildConfiguration;
			buildSettings = {
			};
			name = Release;
		};
		OBJ_4 /* Release */ = {
			isa = XCBuildConfiguration;
			buildSettings = {
				CLANG_ENABLE_OBJC_ARC = YES;
				COMBINE_HIDPI_IMAGES = YES;
				COPY_PHASE_STRIP = YES;
				DEBUG_INFORMATION_FORMAT = "dwarf-with-dsym";
				DYLIB_INSTALL_NAME_BASE = "@rpath";
				GCC_OPTIMIZATION_LEVEL = s;
				MACOSX_DEPLOYMENT_TARGET = 10.10;
				OTHER_SWIFT_FLAGS = "-DXcode";
				PRODUCT_NAME = "$(TARGET_NAME)";
				SDKROOT = macosx;
				SUPPORTED_PLATFORMS = "macosx iphoneos iphonesimulator appletvos appletvsimulator watchos watchsimulator";
				SWIFT_ACTIVE_COMPILATION_CONDITIONS = SWIFT_PACKAGE;
				SWIFT_OPTIMIZATION_LEVEL = "-Owholemodule";
				USE_HEADERMAP = NO;
			};
			name = Release;
		};
/* End XCBuildConfiguration section */

/* Begin XCConfigurationList section */
		OBJ_178 /* Build configuration list for PBXNativeTarget "AtlasPackageDescription" */ = {
			isa = XCConfigurationList;
			buildConfigurations = (
				OBJ_179 /* Debug */,
				OBJ_180 /* Release */,
			);
			defaultConfigurationIsVisible = 0;
			defaultConfigurationName = Debug;
		};
		OBJ_184 /* Build configuration list for PBXNativeTarget "AtlasCorePackageDescription" */ = {
			isa = XCConfigurationList;
			buildConfigurations = (
				OBJ_185 /* Debug */,
				OBJ_186 /* Release */,
			);
			defaultConfigurationIsVisible = 0;
			defaultConfigurationName = Debug;
		};
		OBJ_190 /* Build configuration list for PBXNativeTarget "QuickPackageDescription" */ = {
			isa = XCConfigurationList;
			buildConfigurations = (
				OBJ_191 /* Debug */,
				OBJ_192 /* Release */,
			);
			defaultConfigurationIsVisible = 0;
			defaultConfigurationName = Debug;
		};
		OBJ_196 /* Build configuration list for PBXNativeTarget "NimblePackageDescription" */ = {
			isa = XCConfigurationList;
			buildConfigurations = (
				OBJ_197 /* Debug */,
				OBJ_198 /* Release */,
			);
			defaultConfigurationIsVisible = 0;
			defaultConfigurationName = Debug;
		};
		OBJ_2 /* Build configuration list for PBXProject "Atlas" */ = {
			isa = XCConfigurationList;
			buildConfigurations = (
				OBJ_3 /* Debug */,
				OBJ_4 /* Release */,
			);
			defaultConfigurationIsVisible = 0;
			defaultConfigurationName = Debug;
		};
		OBJ_202 /* Build configuration list for PBXNativeTarget "SwiftCLIPackageDescription" */ = {
			isa = XCConfigurationList;
			buildConfigurations = (
				OBJ_203 /* Debug */,
				OBJ_204 /* Release */,
			);
			defaultConfigurationIsVisible = 0;
			defaultConfigurationName = Debug;
		};
		OBJ_208 /* Build configuration list for PBXNativeTarget "AtlasTests" */ = {
			isa = XCConfigurationList;
			buildConfigurations = (
				OBJ_209 /* Debug */,
				OBJ_210 /* Release */,
			);
			defaultConfigurationIsVisible = 0;
			defaultConfigurationName = Debug;
		};
		OBJ_239 /* Build configuration list for PBXNativeTarget "Nimble" */ = {
			isa = XCConfigurationList;
			buildConfigurations = (
				OBJ_240 /* Debug */,
				OBJ_241 /* Release */,
			);
			defaultConfigurationIsVisible = 0;
			defaultConfigurationName = Debug;
		};
		OBJ_294 /* Build configuration list for PBXNativeTarget "Quick" */ = {
			isa = XCConfigurationList;
			buildConfigurations = (
				OBJ_295 /* Debug */,
				OBJ_296 /* Release */,
			);
			defaultConfigurationIsVisible = 0;
			defaultConfigurationName = Debug;
		};
		OBJ_324 /* Build configuration list for PBXNativeTarget "QuickSpecBase" */ = {
			isa = XCConfigurationList;
			buildConfigurations = (
				OBJ_325 /* Debug */,
				OBJ_326 /* Release */,
			);
			defaultConfigurationIsVisible = 0;
			defaultConfigurationName = Debug;
		};
		OBJ_330 /* Build configuration list for PBXNativeTarget "Atlas" */ = {
			isa = XCConfigurationList;
			buildConfigurations = (
				OBJ_331 /* Debug */,
				OBJ_332 /* Release */,
			);
			defaultConfigurationIsVisible = 0;
			defaultConfigurationName = Debug;
		};
		OBJ_353 /* Build configuration list for PBXNativeTarget "AtlasCore" */ = {
			isa = XCConfigurationList;
			buildConfigurations = (
				OBJ_354 /* Debug */,
				OBJ_355 /* Release */,
			);
			defaultConfigurationIsVisible = 0;
			defaultConfigurationName = Debug;
		};
		OBJ_366 /* Build configuration list for PBXNativeTarget "SwiftCLI" */ = {
			isa = XCConfigurationList;
			buildConfigurations = (
				OBJ_367 /* Debug */,
				OBJ_368 /* Release */,
			);
			defaultConfigurationIsVisible = 0;
			defaultConfigurationName = Debug;
		};
		OBJ_397 /* Build configuration list for PBXAggregateTarget "AtlasPackageTests" */ = {
			isa = XCConfigurationList;
			buildConfigurations = (
				OBJ_398 /* Debug */,
				OBJ_399 /* Release */,
			);
			defaultConfigurationIsVisible = 0;
			defaultConfigurationName = Debug;
		};
/* End XCConfigurationList section */
	};
	rootObject = OBJ_1 /* Project object */;
}
